// !$*UTF8*$!
{
	archiveVersion = 1;
	classes = {
	};
	objectVersion = 55;
	objects = {

/* Begin PBXBuildFile section */
		7099C16AA95FDAB6654ABAD8 /* Pods_GraduationProject.framework in Frameworks */ = {isa = PBXBuildFile; fileRef = C319482BBD425217D0084764 /* Pods_GraduationProject.framework */; };
		7C17B7AD2C5E66E20066892C /* HomeRouting.swift in Sources */ = {isa = PBXBuildFile; fileRef = 7C17B7AC2C5E66E20066892C /* HomeRouting.swift */; };
		7C17B7B02C5E77AF0066892C /* MyCardsVC.swift in Sources */ = {isa = PBXBuildFile; fileRef = 7C17B7AE2C5E77AE0066892C /* MyCardsVC.swift */; };
		7C17B7B12C5E77AF0066892C /* MyCardsVC.xib in Resources */ = {isa = PBXBuildFile; fileRef = 7C17B7AF2C5E77AF0066892C /* MyCardsVC.xib */; };
		7C17B7B52C5E80F40066892C /* MyCardsCell.swift in Sources */ = {isa = PBXBuildFile; fileRef = 7C17B7B32C5E80F40066892C /* MyCardsCell.swift */; };
		7C17B7B62C5E80F40066892C /* MyCardsCell.xib in Resources */ = {isa = PBXBuildFile; fileRef = 7C17B7B42C5E80F40066892C /* MyCardsCell.xib */; };
		7C555BD32C59835500BDCAC2 /* CustomButton.swift in Sources */ = {isa = PBXBuildFile; fileRef = 7C555BD22C59835500BDCAC2 /* CustomButton.swift */; };
		7C555BD62C5994CF00BDCAC2 /* SignUpVC.swift in Sources */ = {isa = PBXBuildFile; fileRef = 7C555BD42C5994CF00BDCAC2 /* SignUpVC.swift */; };
		7C555BD72C5994CF00BDCAC2 /* SignUpVC.xib in Resources */ = {isa = PBXBuildFile; fileRef = 7C555BD52C5994CF00BDCAC2 /* SignUpVC.xib */; };
		7C555BDA2C59971300BDCAC2 /* SignUpUserDataEntryVC.swift in Sources */ = {isa = PBXBuildFile; fileRef = 7C555BD82C59971300BDCAC2 /* SignUpUserDataEntryVC.swift */; };
		7C555BDB2C59971300BDCAC2 /* SignUpUserDataEntryVC.xib in Resources */ = {isa = PBXBuildFile; fileRef = 7C555BD92C59971300BDCAC2 /* SignUpUserDataEntryVC.xib */; };
		7C561AE22C5A742900DEAC2E /* ConnectingProgressVC.swift in Sources */ = {isa = PBXBuildFile; fileRef = 7C561AE02C5A742900DEAC2E /* ConnectingProgressVC.swift */; };
		7C561AE32C5A742900DEAC2E /* ConnectingProgressVC.xib in Resources */ = {isa = PBXBuildFile; fileRef = 7C561AE12C5A742900DEAC2E /* ConnectingProgressVC.xib */; };
		7C561AE52C5A745C00DEAC2E /* CircularProgressView.swift in Sources */ = {isa = PBXBuildFile; fileRef = 7C561AE42C5A745C00DEAC2E /* CircularProgressView.swift */; };
		7C561AE92C5A8ABF00DEAC2E /* BankCardOTP.swift in Sources */ = {isa = PBXBuildFile; fileRef = 7C561AE72C5A8ABF00DEAC2E /* BankCardOTP.swift */; };
		7C561AEA2C5A8ABF00DEAC2E /* BankCardOTP.xib in Resources */ = {isa = PBXBuildFile; fileRef = 7C561AE82C5A8ABF00DEAC2E /* BankCardOTP.xib */; };
		7C561AF82C5AAC7400DEAC2E /* EditProfileVC.swift in Sources */ = {isa = PBXBuildFile; fileRef = 7C561AF62C5AAC7300DEAC2E /* EditProfileVC.swift */; };
		7C561AF92C5AAC7400DEAC2E /* EditProfileVC.xib in Resources */ = {isa = PBXBuildFile; fileRef = 7C561AF72C5AAC7300DEAC2E /* EditProfileVC.xib */; };
		7C56CCFE2C5A1D7100C29FFD /* CountriesTVC.swift in Sources */ = {isa = PBXBuildFile; fileRef = 7C56CCFC2C5A1D7100C29FFD /* CountriesTVC.swift */; };
		7C56CCFF2C5A1D7100C29FFD /* CountriesTVC.xib in Resources */ = {isa = PBXBuildFile; fileRef = 7C56CCFD2C5A1D7100C29FFD /* CountriesTVC.xib */; };
		7C56CD062C5A1EEA00C29FFD /* RoundedImage.swift in Sources */ = {isa = PBXBuildFile; fileRef = 7C56CD052C5A1EEA00C29FFD /* RoundedImage.swift */; };
		7C595BAA2C60AAE400193843 /* SignUpUserDataEntryViewModel.swift in Sources */ = {isa = PBXBuildFile; fileRef = 7C595BA92C60AAE400193843 /* SignUpUserDataEntryViewModel.swift */; };
		7C595BAC2C60BAFB00193843 /* ProfileInfoViewModel.swift in Sources */ = {isa = PBXBuildFile; fileRef = 7C595BAB2C60BAFB00193843 /* ProfileInfoViewModel.swift */; };
		7C595BB02C60BBE700193843 /* ProfileInfoModel.swift in Sources */ = {isa = PBXBuildFile; fileRef = 7C595BAF2C60BBE700193843 /* ProfileInfoModel.swift */; };
		7C595BB22C60BD3900193843 /* GetProfileInfoAPIManager.swift in Sources */ = {isa = PBXBuildFile; fileRef = 7C595BB12C60BD3900193843 /* GetProfileInfoAPIManager.swift */; };
		7C595BB42C60E98200193843 /* ChangePasswordAPIManager.swift in Sources */ = {isa = PBXBuildFile; fileRef = 7C595BB32C60E98200193843 /* ChangePasswordAPIManager.swift */; };
		7C595BB72C60EEF100193843 /* ChangePasswordVC.swift in Sources */ = {isa = PBXBuildFile; fileRef = 7C595BB52C60EEF100193843 /* ChangePasswordVC.swift */; };
		7C595BB82C60EEF100193843 /* ChangePasswordVC.xib in Resources */ = {isa = PBXBuildFile; fileRef = 7C595BB62C60EEF100193843 /* ChangePasswordVC.xib */; };
		7C59BF3A2C595E7300AA97E9 /* UIColor+Hex.swift in Sources */ = {isa = PBXBuildFile; fileRef = 7C59BF392C595E7300AA97E9 /* UIColor+Hex.swift */; };
		7C59BF3C2C595FEA00AA97E9 /* UIView+HexColor.swift in Sources */ = {isa = PBXBuildFile; fileRef = 7C59BF3B2C595FEA00AA97E9 /* UIView+HexColor.swift */; };
		7C59BF3F2C5963FE00AA97E9 /* CustomTextField.swift in Sources */ = {isa = PBXBuildFile; fileRef = 7C59BF3E2C5963FD00AA97E9 /* CustomTextField.swift */; };
		7C5C3BF12C5AC5B400BDD86A /* SettingsTVC.swift in Sources */ = {isa = PBXBuildFile; fileRef = 7C5C3BEF2C5AC5B400BDD86A /* SettingsTVC.swift */; };
		7C5C3BF22C5AC5B400BDD86A /* SettingsTVC.xib in Resources */ = {isa = PBXBuildFile; fileRef = 7C5C3BF02C5AC5B400BDD86A /* SettingsTVC.xib */; };
		7C5C3BF52C5AC60E00BDD86A /* ProfileCell.swift in Sources */ = {isa = PBXBuildFile; fileRef = 7C5C3BF32C5AC60E00BDD86A /* ProfileCell.swift */; };
		7C5C3BF62C5AC60E00BDD86A /* ProfileCell.xib in Resources */ = {isa = PBXBuildFile; fileRef = 7C5C3BF42C5AC60E00BDD86A /* ProfileCell.xib */; };
		7C5C3BF92C5ACAF100BDD86A /* ProfileCellModel.swift in Sources */ = {isa = PBXBuildFile; fileRef = 7C5C3BF82C5ACAF100BDD86A /* ProfileCellModel.swift */; };
		7C5C3BFC2C5ACC6800BDD86A /* VCs.swift in Sources */ = {isa = PBXBuildFile; fileRef = 7C5C3BFB2C5ACC6800BDD86A /* VCs.swift */; };
		7C5C3BFE2C5ACE5100BDD86A /* ProfileConstData.swift in Sources */ = {isa = PBXBuildFile; fileRef = 7C5C3BFD2C5ACE5100BDD86A /* ProfileConstData.swift */; };
		7C5C3C002C5AD5CC00BDD86A /* CellsNames.swift in Sources */ = {isa = PBXBuildFile; fileRef = 7C5C3BFF2C5AD5CC00BDD86A /* CellsNames.swift */; };
		7C5C3C032C5ADE5300BDD86A /* ProfileInfoCell.swift in Sources */ = {isa = PBXBuildFile; fileRef = 7C5C3C012C5ADE5300BDD86A /* ProfileInfoCell.swift */; };
		7C5C3C042C5ADE5300BDD86A /* ProfileInfoCell.xib in Resources */ = {isa = PBXBuildFile; fileRef = 7C5C3C022C5ADE5300BDD86A /* ProfileInfoCell.xib */; };
		7C5C3C082C5AE09800BDD86A /* ProfileInfoTVC.swift in Sources */ = {isa = PBXBuildFile; fileRef = 7C5C3C062C5AE09800BDD86A /* ProfileInfoTVC.swift */; };
		7C5C3C092C5AE09800BDD86A /* ProfileInfoTVC.xib in Resources */ = {isa = PBXBuildFile; fileRef = 7C5C3C072C5AE09800BDD86A /* ProfileInfoTVC.xib */; };
		7C5C3C0D2C5AE65F00BDD86A /* ProfileVC.swift in Sources */ = {isa = PBXBuildFile; fileRef = 7C5C3C0B2C5AE65F00BDD86A /* ProfileVC.swift */; };
		7C5C3C0E2C5AE65F00BDD86A /* ProfileVC.xib in Resources */ = {isa = PBXBuildFile; fileRef = 7C5C3C0C2C5AE65F00BDD86A /* ProfileVC.xib */; };
		7C5D7E552C592B3300D60725 /* AppDelegate.swift in Sources */ = {isa = PBXBuildFile; fileRef = 7C5D7E542C592B3300D60725 /* AppDelegate.swift */; };
		7C5D7E5E2C592B3400D60725 /* Assets.xcassets in Resources */ = {isa = PBXBuildFile; fileRef = 7C5D7E5D2C592B3400D60725 /* Assets.xcassets */; };
		7C5D7E612C592B3400D60725 /* LaunchScreen.storyboard in Resources */ = {isa = PBXBuildFile; fileRef = 7C5D7E5F2C592B3400D60725 /* LaunchScreen.storyboard */; };
		7C5D7E6E2C592F9E00D60725 /* SignInVC.swift in Sources */ = {isa = PBXBuildFile; fileRef = 7C5D7E6C2C592F9E00D60725 /* SignInVC.swift */; };
		7C5D7E6F2C592F9E00D60725 /* SignInVC.xib in Resources */ = {isa = PBXBuildFile; fileRef = 7C5D7E6D2C592F9E00D60725 /* SignInVC.xib */; };
		7C5DB8762C60F5AD00AEAFFC /* ChangePasswordViewModel.swift in Sources */ = {isa = PBXBuildFile; fileRef = 7C5DB8752C60F5AD00AEAFFC /* ChangePasswordViewModel.swift */; };
		7C5DB8782C60FE4600AEAFFC /* EditProfileAPIManager.swift in Sources */ = {isa = PBXBuildFile; fileRef = 7C5DB8772C60FE4600AEAFFC /* EditProfileAPIManager.swift */; };
		7C5DB87A2C60FE8600AEAFFC /* EditProfileViewModel.swift in Sources */ = {isa = PBXBuildFile; fileRef = 7C5DB8792C60FE8600AEAFFC /* EditProfileViewModel.swift */; };
		7C5DB87C2C60FEA800AEAFFC /* EditProfileModel.swift in Sources */ = {isa = PBXBuildFile; fileRef = 7C5DB87B2C60FEA800AEAFFC /* EditProfileModel.swift */; };
		7C5DB87E2C610FAE00AEAFFC /* SignInAPIManager.swift in Sources */ = {isa = PBXBuildFile; fileRef = 7C5DB87D2C610FAE00AEAFFC /* SignInAPIManager.swift */; };
		7C5DB8812C6111C200AEAFFC /* UserDefaultsManager.swift in Sources */ = {isa = PBXBuildFile; fileRef = 7C5DB8802C6111C200AEAFFC /* UserDefaultsManager.swift */; };
		7C5DFC092C5A572100C25AED /* SelectCurrencyVC.swift in Sources */ = {isa = PBXBuildFile; fileRef = 7C5DFC072C5A572100C25AED /* SelectCurrencyVC.swift */; };
		7C5DFC0A2C5A572100C25AED /* SelectCurrencyVC.xib in Resources */ = {isa = PBXBuildFile; fileRef = 7C5DFC082C5A572100C25AED /* SelectCurrencyVC.xib */; };
		7C5DFC102C5A5FE300C25AED /* AddCardRouting.swift in Sources */ = {isa = PBXBuildFile; fileRef = 7C5DFC0F2C5A5FE300C25AED /* AddCardRouting.swift */; };
		7C5DFC162C5A641900C25AED /* AddNewCardVC.swift in Sources */ = {isa = PBXBuildFile; fileRef = 7C5DFC142C5A641900C25AED /* AddNewCardVC.swift */; };
		7C5DFC172C5A641900C25AED /* AddNewCardVC.xib in Resources */ = {isa = PBXBuildFile; fileRef = 7C5DFC152C5A641900C25AED /* AddNewCardVC.xib */; };
		7C5E3B1B2C5E0F4300677A06 /* ProfileRouting.swift in Sources */ = {isa = PBXBuildFile; fileRef = 7C5E3B1A2C5E0F4300677A06 /* ProfileRouting.swift */; };
		7C5E3B1F2C5E1C5900677A06 /* SignInViewModel.swift in Sources */ = {isa = PBXBuildFile; fileRef = 7C5E3B1E2C5E1C5900677A06 /* SignInViewModel.swift */; };
		7C5E3B222C5E25C700677A06 /* DisplayErrorMessageProtocol.swift in Sources */ = {isa = PBXBuildFile; fileRef = 7C5E3B212C5E25C700677A06 /* DisplayErrorMessageProtocol.swift */; };
		7C5E3B242C5E317B00677A06 /* ChangePasswordVisibilityProtocol.swift in Sources */ = {isa = PBXBuildFile; fileRef = 7C5E3B232C5E317B00677A06 /* ChangePasswordVisibilityProtocol.swift */; };
		7C5E4D122C5F69D5002433B9 /* GetCountriesAPIManager.swift in Sources */ = {isa = PBXBuildFile; fileRef = 7C5E4D112C5F69D5002433B9 /* GetCountriesAPIManager.swift */; };
		7C5E4D142C5F6B6A002433B9 /* CountriesModel.swift in Sources */ = {isa = PBXBuildFile; fileRef = 7C5E4D132C5F6B6A002433B9 /* CountriesModel.swift */; };
		7C5E4D162C5F6DA9002433B9 /* CountriesViewModel.swift in Sources */ = {isa = PBXBuildFile; fileRef = 7C5E4D152C5F6DA9002433B9 /* CountriesViewModel.swift */; };
		7C5E4D182C5F842D002433B9 /* SelectCurrencyModel.swift in Sources */ = {isa = PBXBuildFile; fileRef = 7C5E4D172C5F842D002433B9 /* SelectCurrencyModel.swift */; };
		7C5E4D1A2C5F84D9002433B9 /* GetCurrenciesAPIManager.swift in Sources */ = {isa = PBXBuildFile; fileRef = 7C5E4D192C5F84D9002433B9 /* GetCurrenciesAPIManager.swift */; };
		7C5E4D1D2C5F878F002433B9 /* SelectCurrencyViewModel.swift in Sources */ = {isa = PBXBuildFile; fileRef = 7C5E4D1C2C5F878F002433B9 /* SelectCurrencyViewModel.swift */; };
		7C60E7272C5A3F15009E06C6 /* CountryViewCell.swift in Sources */ = {isa = PBXBuildFile; fileRef = 7C60E7252C5A3F15009E06C6 /* CountryViewCell.swift */; };
		7C60E7282C5A3F15009E06C6 /* CountryViewCell.xib in Resources */ = {isa = PBXBuildFile; fileRef = 7C60E7262C5A3F15009E06C6 /* CountryViewCell.xib */; };
		7C60E72C2C5A4209009E06C6 /* AuthenticationRouting.swift in Sources */ = {isa = PBXBuildFile; fileRef = 7C60E72B2C5A4209009E06C6 /* AuthenticationRouting.swift */; };
		7C88C3B62C5CC93900BE6622 /* NotificationCell.swift in Sources */ = {isa = PBXBuildFile; fileRef = 7C88C3B42C5CC93900BE6622 /* NotificationCell.swift */; };
		7C88C3B72C5CC93900BE6622 /* NotificationCell.xib in Resources */ = {isa = PBXBuildFile; fileRef = 7C88C3B52C5CC93900BE6622 /* NotificationCell.xib */; };
		7C88C3BB2C5CDFE400BE6622 /* SuccessConnect.swift in Sources */ = {isa = PBXBuildFile; fileRef = 7C88C3B92C5CDFE400BE6622 /* SuccessConnect.swift */; };
		7C88C3BC2C5CDFE400BE6622 /* SuccessConnect.xib in Resources */ = {isa = PBXBuildFile; fileRef = 7C88C3BA2C5CDFE400BE6622 /* SuccessConnect.xib */; };
		7C88C3C12C5CF02C00BE6622 /* UserModel.swift in Sources */ = {isa = PBXBuildFile; fileRef = 7C88C3C02C5CF02C00BE6622 /* UserModel.swift */; };
		7C88C3C62C5CFA2F00BE6622 /* String+Trim.swift in Sources */ = {isa = PBXBuildFile; fileRef = 7C88C3C22C5CFA2F00BE6622 /* String+Trim.swift */; };
		7C88C3C72C5CFA2F00BE6622 /* VC+AlertMessage.swift in Sources */ = {isa = PBXBuildFile; fileRef = 7C88C3C32C5CFA2F00BE6622 /* VC+AlertMessage.swift */; };
		7C88C3C82C5CFA2F00BE6622 /* UIView+Loader.swift in Sources */ = {isa = PBXBuildFile; fileRef = 7C88C3C42C5CFA2F00BE6622 /* UIView+Loader.swift */; };
		7C88C3C92C5CFA2F00BE6622 /* UserDefaults+contains.swift in Sources */ = {isa = PBXBuildFile; fileRef = 7C88C3C52C5CFA2F00BE6622 /* UserDefaults+contains.swift */; };
		7C88C3CB2C5CFA4000BE6622 /* ValidateUserData.swift in Sources */ = {isa = PBXBuildFile; fileRef = 7C88C3CA2C5CFA4000BE6622 /* ValidateUserData.swift */; };
		7C88C3D32C5D050700BE6622 /* SignUpViewModel.swift in Sources */ = {isa = PBXBuildFile; fileRef = 7C88C3D22C5D050700BE6622 /* SignUpViewModel.swift */; };
		9C38C8642C5EF42600C8AC0A /* TransferConfirmationVC.swift in Sources */ = {isa = PBXBuildFile; fileRef = 9C38C8622C5EF42600C8AC0A /* TransferConfirmationVC.swift */; };
		9C38C8652C5EF42600C8AC0A /* TransferConfirmationVC.xib in Resources */ = {isa = PBXBuildFile; fileRef = 9C38C8632C5EF42600C8AC0A /* TransferConfirmationVC.xib */; };
		9C38C8672C5FE75000C8AC0A /* HomeVC + TableView.swift in Sources */ = {isa = PBXBuildFile; fileRef = 9C38C8662C5FE75000C8AC0A /* HomeVC + TableView.swift */; };
		9C38C8692C5FEC0200C8AC0A /* HomeViewModel.swift in Sources */ = {isa = PBXBuildFile; fileRef = 9C38C8682C5FEC0200C8AC0A /* HomeViewModel.swift */; };
		9C38C86B2C5FECDE00C8AC0A /* NotificationRouting.swift in Sources */ = {isa = PBXBuildFile; fileRef = 9C38C86A2C5FECDE00C8AC0A /* NotificationRouting.swift */; };
		9C38C86D2C5FF17300C8AC0A /* TransferRouting.swift in Sources */ = {isa = PBXBuildFile; fileRef = 9C38C86C2C5FF17300C8AC0A /* TransferRouting.swift */; };
		9C38C86F2C5FF4D200C8AC0A /* TransactionRouting.swift in Sources */ = {isa = PBXBuildFile; fileRef = 9C38C86E2C5FF4D200C8AC0A /* TransactionRouting.swift */; };
		9C38C8712C5FF54C00C8AC0A /* CardsRouting.swift in Sources */ = {isa = PBXBuildFile; fileRef = 9C38C8702C5FF54C00C8AC0A /* CardsRouting.swift */; };
		9C38C8732C5FF58F00C8AC0A /* AccountRouting.swift in Sources */ = {isa = PBXBuildFile; fileRef = 9C38C8722C5FF58F00C8AC0A /* AccountRouting.swift */; };
		9C38C8772C5FF8F800C8AC0A /* TransferVC + UITextfilled.swift in Sources */ = {isa = PBXBuildFile; fileRef = 9C38C8762C5FF8F800C8AC0A /* TransferVC + UITextfilled.swift */; };
		9C38C8792C6031C100C8AC0A /* TransferVC + Dismiss Keyboard.swift in Sources */ = {isa = PBXBuildFile; fileRef = 9C38C8782C6031C100C8AC0A /* TransferVC + Dismiss Keyboard.swift */; };
		9C38C87B2C60323D00C8AC0A /* TransferViewModel.swift in Sources */ = {isa = PBXBuildFile; fileRef = 9C38C87A2C60323D00C8AC0A /* TransferViewModel.swift */; };
		9C38C87F2C6038CB00C8AC0A /* TransactionVC + TableView.swift in Sources */ = {isa = PBXBuildFile; fileRef = 9C38C87E2C6038CB00C8AC0A /* TransactionVC + TableView.swift */; };
		9C38C8812C603AF900C8AC0A /* TransactionViewModel.swift in Sources */ = {isa = PBXBuildFile; fileRef = 9C38C8802C603AF900C8AC0A /* TransactionViewModel.swift */; };
		9C38C8832C603EB600C8AC0A /* ErrorRouting.swift in Sources */ = {isa = PBXBuildFile; fileRef = 9C38C8822C603EB600C8AC0A /* ErrorRouting.swift */; };
		9C38C8852C603F9200C8AC0A /* NotificationsVC + TableView.swift in Sources */ = {isa = PBXBuildFile; fileRef = 9C38C8842C603F9200C8AC0A /* NotificationsVC + TableView.swift */; };
		9C38C8892C60414600C8AC0A /* TransferPaymentVC.swift in Sources */ = {isa = PBXBuildFile; fileRef = 9C38C8872C60414600C8AC0A /* TransferPaymentVC.swift */; };
		9C38C88A2C60414600C8AC0A /* TransferPaymentVC.xib in Resources */ = {isa = PBXBuildFile; fileRef = 9C38C8882C60414600C8AC0A /* TransferPaymentVC.xib */; };
		9C38C88C2C6050EE00C8AC0A /* HomeModel.swift in Sources */ = {isa = PBXBuildFile; fileRef = 9C38C88B2C6050EE00C8AC0A /* HomeModel.swift */; };
		9C38C88E2C6052E700C8AC0A /* TransferModel.swift in Sources */ = {isa = PBXBuildFile; fileRef = 9C38C88D2C6052E700C8AC0A /* TransferModel.swift */; };
		9C38C8922C605AC900C8AC0A /* TransferSelectCurruncyVC.swift in Sources */ = {isa = PBXBuildFile; fileRef = 9C38C8902C605AC900C8AC0A /* TransferSelectCurruncyVC.swift */; };
		9C38C8932C605AC900C8AC0A /* TransferSelectCurruncyVC.xib in Resources */ = {isa = PBXBuildFile; fileRef = 9C38C8912C605AC900C8AC0A /* TransferSelectCurruncyVC.xib */; };
		9C38C89D2C61331300C8AC0A /* GetChangeRateAPIManager.swift in Sources */ = {isa = PBXBuildFile; fileRef = 9C38C89C2C61331300C8AC0A /* GetChangeRateAPIManager.swift */; };
		9C38C89F2C61337400C8AC0A /* ChangeRate.swift in Sources */ = {isa = PBXBuildFile; fileRef = 9C38C89E2C61337400C8AC0A /* ChangeRate.swift */; };
		9CC706612C5E61FC007F0E6A /* HomeVC.swift in Sources */ = {isa = PBXBuildFile; fileRef = 9CC7065E2C5E61FC007F0E6A /* HomeVC.swift */; };
		9CC706622C5E61FC007F0E6A /* HomeVC.xib in Resources */ = {isa = PBXBuildFile; fileRef = 9CC7065F2C5E61FC007F0E6A /* HomeVC.xib */; };
		9CC706662C5E623B007F0E6A /* TransferVC.swift in Sources */ = {isa = PBXBuildFile; fileRef = 9CC706632C5E623B007F0E6A /* TransferVC.swift */; };
		9CC706672C5E623B007F0E6A /* TransferVC.xib in Resources */ = {isa = PBXBuildFile; fileRef = 9CC706642C5E623B007F0E6A /* TransferVC.xib */; };
		9CC7066D2C5E6243007F0E6A /* TransactionDetailsVC.swift in Sources */ = {isa = PBXBuildFile; fileRef = 9CC706682C5E6243007F0E6A /* TransactionDetailsVC.swift */; };
		9CC7066E2C5E6243007F0E6A /* TransactionDetailsVC.xib in Resources */ = {isa = PBXBuildFile; fileRef = 9CC706692C5E6243007F0E6A /* TransactionDetailsVC.xib */; };
		9CC7066F2C5E6243007F0E6A /* TransactionVC.swift in Sources */ = {isa = PBXBuildFile; fileRef = 9CC7066A2C5E6243007F0E6A /* TransactionVC.swift */; };
		9CC706702C5E6243007F0E6A /* TransactionVC.xib in Resources */ = {isa = PBXBuildFile; fileRef = 9CC7066B2C5E6243007F0E6A /* TransactionVC.xib */; };
		9CC706742C5E6257007F0E6A /* NotificationsVC.swift in Sources */ = {isa = PBXBuildFile; fileRef = 9CC706712C5E6257007F0E6A /* NotificationsVC.swift */; };
		9CC706752C5E6257007F0E6A /* NotificationsVC.xib in Resources */ = {isa = PBXBuildFile; fileRef = 9CC706722C5E6257007F0E6A /* NotificationsVC.xib */; };
		9CC7067B2C5E6262007F0E6A /* InternetConnectionErrorVC.swift in Sources */ = {isa = PBXBuildFile; fileRef = 9CC706762C5E6262007F0E6A /* InternetConnectionErrorVC.swift */; };
		9CC7067C2C5E6262007F0E6A /* InternetConnectionErrorVC.xib in Resources */ = {isa = PBXBuildFile; fileRef = 9CC706772C5E6262007F0E6A /* InternetConnectionErrorVC.xib */; };
		9CC7067D2C5E6262007F0E6A /* ServerErrorVC.swift in Sources */ = {isa = PBXBuildFile; fileRef = 9CC706782C5E6262007F0E6A /* ServerErrorVC.swift */; };
		9CC7067E2C5E6262007F0E6A /* ServerErrorVC.xib in Resources */ = {isa = PBXBuildFile; fileRef = 9CC706792C5E6262007F0E6A /* ServerErrorVC.xib */; };
		9CC706812C5E62A2007F0E6A /* DummyTransactionData.swift in Sources */ = {isa = PBXBuildFile; fileRef = 9CC7067F2C5E62A2007F0E6A /* DummyTransactionData.swift */; };
		9CC706822C5E62A2007F0E6A /* TransactionCellModel.swift in Sources */ = {isa = PBXBuildFile; fileRef = 9CC706802C5E62A2007F0E6A /* TransactionCellModel.swift */; };
		9CC706842C5E62B8007F0E6A /* UIViewController + roundedCorners + toCircle.swift in Sources */ = {isa = PBXBuildFile; fileRef = 9CC706832C5E62B8007F0E6A /* UIViewController + roundedCorners + toCircle.swift */; };
		9CC706892C5E6308007F0E6A /* GradientView.swift in Sources */ = {isa = PBXBuildFile; fileRef = 9CC706852C5E6308007F0E6A /* GradientView.swift */; };
		9CC7068A2C5E6309007F0E6A /* CircularView.swift in Sources */ = {isa = PBXBuildFile; fileRef = 9CC706862C5E6308007F0E6A /* CircularView.swift */; };
		9CC7068B2C5E6309007F0E6A /* RoundedCornerView.swift in Sources */ = {isa = PBXBuildFile; fileRef = 9CC706872C5E6308007F0E6A /* RoundedCornerView.swift */; };
		9CC7068C2C5E6309007F0E6A /* StepView.swift in Sources */ = {isa = PBXBuildFile; fileRef = 9CC706882C5E6308007F0E6A /* StepView.swift */; };
		9CC7068E2C5E6319007F0E6A /* TapBarVC.swift in Sources */ = {isa = PBXBuildFile; fileRef = 9CC7068D2C5E6319007F0E6A /* TapBarVC.swift */; };
		9CC706982C5E6343007F0E6A /* NotificationTableViewCell.swift in Sources */ = {isa = PBXBuildFile; fileRef = 9CC7068F2C5E6343007F0E6A /* NotificationTableViewCell.swift */; };
		9CC706992C5E6343007F0E6A /* NotificationTableViewCell.xib in Resources */ = {isa = PBXBuildFile; fileRef = 9CC706902C5E6343007F0E6A /* NotificationTableViewCell.xib */; };
		9CC7069A2C5E6343007F0E6A /* LastTransactionTableViewCell.swift in Sources */ = {isa = PBXBuildFile; fileRef = 9CC706922C5E6343007F0E6A /* LastTransactionTableViewCell.swift */; };
		9CC7069B2C5E6343007F0E6A /* LastTransactionTableViewCell.xib in Resources */ = {isa = PBXBuildFile; fileRef = 9CC706932C5E6343007F0E6A /* LastTransactionTableViewCell.xib */; };
		9CC7069C2C5E6343007F0E6A /* HomeRecentTransactionTableViewCell.swift in Sources */ = {isa = PBXBuildFile; fileRef = 9CC706952C5E6343007F0E6A /* HomeRecentTransactionTableViewCell.swift */; };
		9CC7069D2C5E6343007F0E6A /* HomeRecentTransactionTableViewCell.xib in Resources */ = {isa = PBXBuildFile; fileRef = 9CC706962C5E6343007F0E6A /* HomeRecentTransactionTableViewCell.xib */; };
/* End PBXBuildFile section */

/* Begin PBXFileReference section */
		2EF063EC907CEBAFA6D7EC25 /* Pods-GraduationProject.release.xcconfig */ = {isa = PBXFileReference; includeInIndex = 1; lastKnownFileType = text.xcconfig; name = "Pods-GraduationProject.release.xcconfig"; path = "Target Support Files/Pods-GraduationProject/Pods-GraduationProject.release.xcconfig"; sourceTree = "<group>"; };
		7C17B7AC2C5E66E20066892C /* HomeRouting.swift */ = {isa = PBXFileReference; lastKnownFileType = sourcecode.swift; path = HomeRouting.swift; sourceTree = "<group>"; };
		7C17B7AE2C5E77AE0066892C /* MyCardsVC.swift */ = {isa = PBXFileReference; lastKnownFileType = sourcecode.swift; path = MyCardsVC.swift; sourceTree = "<group>"; };
		7C17B7AF2C5E77AF0066892C /* MyCardsVC.xib */ = {isa = PBXFileReference; lastKnownFileType = file.xib; path = MyCardsVC.xib; sourceTree = "<group>"; };
		7C17B7B32C5E80F40066892C /* MyCardsCell.swift */ = {isa = PBXFileReference; lastKnownFileType = sourcecode.swift; path = MyCardsCell.swift; sourceTree = "<group>"; };
		7C17B7B42C5E80F40066892C /* MyCardsCell.xib */ = {isa = PBXFileReference; lastKnownFileType = file.xib; path = MyCardsCell.xib; sourceTree = "<group>"; };
		7C555BD22C59835500BDCAC2 /* CustomButton.swift */ = {isa = PBXFileReference; lastKnownFileType = sourcecode.swift; path = CustomButton.swift; sourceTree = "<group>"; };
		7C555BD42C5994CF00BDCAC2 /* SignUpVC.swift */ = {isa = PBXFileReference; lastKnownFileType = sourcecode.swift; path = SignUpVC.swift; sourceTree = "<group>"; };
		7C555BD52C5994CF00BDCAC2 /* SignUpVC.xib */ = {isa = PBXFileReference; lastKnownFileType = file.xib; path = SignUpVC.xib; sourceTree = "<group>"; };
		7C555BD82C59971300BDCAC2 /* SignUpUserDataEntryVC.swift */ = {isa = PBXFileReference; lastKnownFileType = sourcecode.swift; path = SignUpUserDataEntryVC.swift; sourceTree = "<group>"; };
		7C555BD92C59971300BDCAC2 /* SignUpUserDataEntryVC.xib */ = {isa = PBXFileReference; lastKnownFileType = file.xib; path = SignUpUserDataEntryVC.xib; sourceTree = "<group>"; };
		7C561AE02C5A742900DEAC2E /* ConnectingProgressVC.swift */ = {isa = PBXFileReference; lastKnownFileType = sourcecode.swift; path = ConnectingProgressVC.swift; sourceTree = "<group>"; };
		7C561AE12C5A742900DEAC2E /* ConnectingProgressVC.xib */ = {isa = PBXFileReference; lastKnownFileType = file.xib; path = ConnectingProgressVC.xib; sourceTree = "<group>"; };
		7C561AE42C5A745C00DEAC2E /* CircularProgressView.swift */ = {isa = PBXFileReference; lastKnownFileType = sourcecode.swift; path = CircularProgressView.swift; sourceTree = "<group>"; };
		7C561AE72C5A8ABF00DEAC2E /* BankCardOTP.swift */ = {isa = PBXFileReference; lastKnownFileType = sourcecode.swift; path = BankCardOTP.swift; sourceTree = "<group>"; };
		7C561AE82C5A8ABF00DEAC2E /* BankCardOTP.xib */ = {isa = PBXFileReference; lastKnownFileType = file.xib; path = BankCardOTP.xib; sourceTree = "<group>"; };
		7C561AF62C5AAC7300DEAC2E /* EditProfileVC.swift */ = {isa = PBXFileReference; lastKnownFileType = sourcecode.swift; path = EditProfileVC.swift; sourceTree = "<group>"; };
		7C561AF72C5AAC7300DEAC2E /* EditProfileVC.xib */ = {isa = PBXFileReference; lastKnownFileType = file.xib; path = EditProfileVC.xib; sourceTree = "<group>"; };
		7C56CCFC2C5A1D7100C29FFD /* CountriesTVC.swift */ = {isa = PBXFileReference; lastKnownFileType = sourcecode.swift; path = CountriesTVC.swift; sourceTree = "<group>"; };
		7C56CCFD2C5A1D7100C29FFD /* CountriesTVC.xib */ = {isa = PBXFileReference; lastKnownFileType = file.xib; path = CountriesTVC.xib; sourceTree = "<group>"; };
		7C56CD052C5A1EEA00C29FFD /* RoundedImage.swift */ = {isa = PBXFileReference; lastKnownFileType = sourcecode.swift; path = RoundedImage.swift; sourceTree = "<group>"; };
		7C595BA92C60AAE400193843 /* SignUpUserDataEntryViewModel.swift */ = {isa = PBXFileReference; lastKnownFileType = sourcecode.swift; path = SignUpUserDataEntryViewModel.swift; sourceTree = "<group>"; };
		7C595BAB2C60BAFB00193843 /* ProfileInfoViewModel.swift */ = {isa = PBXFileReference; lastKnownFileType = sourcecode.swift; path = ProfileInfoViewModel.swift; sourceTree = "<group>"; };
		7C595BAF2C60BBE700193843 /* ProfileInfoModel.swift */ = {isa = PBXFileReference; lastKnownFileType = sourcecode.swift; path = ProfileInfoModel.swift; sourceTree = "<group>"; };
		7C595BB12C60BD3900193843 /* GetProfileInfoAPIManager.swift */ = {isa = PBXFileReference; lastKnownFileType = sourcecode.swift; path = GetProfileInfoAPIManager.swift; sourceTree = "<group>"; };
		7C595BB32C60E98200193843 /* ChangePasswordAPIManager.swift */ = {isa = PBXFileReference; lastKnownFileType = sourcecode.swift; path = ChangePasswordAPIManager.swift; sourceTree = "<group>"; };
		7C595BB52C60EEF100193843 /* ChangePasswordVC.swift */ = {isa = PBXFileReference; lastKnownFileType = sourcecode.swift; path = ChangePasswordVC.swift; sourceTree = "<group>"; };
		7C595BB62C60EEF100193843 /* ChangePasswordVC.xib */ = {isa = PBXFileReference; lastKnownFileType = file.xib; path = ChangePasswordVC.xib; sourceTree = "<group>"; };
		7C59BF392C595E7300AA97E9 /* UIColor+Hex.swift */ = {isa = PBXFileReference; lastKnownFileType = sourcecode.swift; path = "UIColor+Hex.swift"; sourceTree = "<group>"; };
		7C59BF3B2C595FEA00AA97E9 /* UIView+HexColor.swift */ = {isa = PBXFileReference; lastKnownFileType = sourcecode.swift; path = "UIView+HexColor.swift"; sourceTree = "<group>"; };
		7C59BF3E2C5963FD00AA97E9 /* CustomTextField.swift */ = {isa = PBXFileReference; lastKnownFileType = sourcecode.swift; path = CustomTextField.swift; sourceTree = "<group>"; };
		7C5C3BEF2C5AC5B400BDD86A /* SettingsTVC.swift */ = {isa = PBXFileReference; lastKnownFileType = sourcecode.swift; path = SettingsTVC.swift; sourceTree = "<group>"; };
		7C5C3BF02C5AC5B400BDD86A /* SettingsTVC.xib */ = {isa = PBXFileReference; lastKnownFileType = file.xib; path = SettingsTVC.xib; sourceTree = "<group>"; };
		7C5C3BF32C5AC60E00BDD86A /* ProfileCell.swift */ = {isa = PBXFileReference; lastKnownFileType = sourcecode.swift; path = ProfileCell.swift; sourceTree = "<group>"; };
		7C5C3BF42C5AC60E00BDD86A /* ProfileCell.xib */ = {isa = PBXFileReference; lastKnownFileType = file.xib; path = ProfileCell.xib; sourceTree = "<group>"; };
		7C5C3BF82C5ACAF100BDD86A /* ProfileCellModel.swift */ = {isa = PBXFileReference; lastKnownFileType = sourcecode.swift; path = ProfileCellModel.swift; sourceTree = "<group>"; };
		7C5C3BFB2C5ACC6800BDD86A /* VCs.swift */ = {isa = PBXFileReference; lastKnownFileType = sourcecode.swift; path = VCs.swift; sourceTree = "<group>"; };
		7C5C3BFD2C5ACE5100BDD86A /* ProfileConstData.swift */ = {isa = PBXFileReference; lastKnownFileType = sourcecode.swift; path = ProfileConstData.swift; sourceTree = "<group>"; };
		7C5C3BFF2C5AD5CC00BDD86A /* CellsNames.swift */ = {isa = PBXFileReference; lastKnownFileType = sourcecode.swift; path = CellsNames.swift; sourceTree = "<group>"; };
		7C5C3C012C5ADE5300BDD86A /* ProfileInfoCell.swift */ = {isa = PBXFileReference; lastKnownFileType = sourcecode.swift; path = ProfileInfoCell.swift; sourceTree = "<group>"; };
		7C5C3C022C5ADE5300BDD86A /* ProfileInfoCell.xib */ = {isa = PBXFileReference; lastKnownFileType = file.xib; path = ProfileInfoCell.xib; sourceTree = "<group>"; };
		7C5C3C062C5AE09800BDD86A /* ProfileInfoTVC.swift */ = {isa = PBXFileReference; lastKnownFileType = sourcecode.swift; path = ProfileInfoTVC.swift; sourceTree = "<group>"; };
		7C5C3C072C5AE09800BDD86A /* ProfileInfoTVC.xib */ = {isa = PBXFileReference; lastKnownFileType = file.xib; path = ProfileInfoTVC.xib; sourceTree = "<group>"; };
		7C5C3C0B2C5AE65F00BDD86A /* ProfileVC.swift */ = {isa = PBXFileReference; lastKnownFileType = sourcecode.swift; path = ProfileVC.swift; sourceTree = "<group>"; };
		7C5C3C0C2C5AE65F00BDD86A /* ProfileVC.xib */ = {isa = PBXFileReference; lastKnownFileType = file.xib; path = ProfileVC.xib; sourceTree = "<group>"; };
		7C5D7E512C592B3300D60725 /* GraduationProject.app */ = {isa = PBXFileReference; explicitFileType = wrapper.application; includeInIndex = 0; path = GraduationProject.app; sourceTree = BUILT_PRODUCTS_DIR; };
		7C5D7E542C592B3300D60725 /* AppDelegate.swift */ = {isa = PBXFileReference; lastKnownFileType = sourcecode.swift; path = AppDelegate.swift; sourceTree = "<group>"; };
		7C5D7E5D2C592B3400D60725 /* Assets.xcassets */ = {isa = PBXFileReference; lastKnownFileType = folder.assetcatalog; path = Assets.xcassets; sourceTree = "<group>"; };
		7C5D7E602C592B3400D60725 /* Base */ = {isa = PBXFileReference; lastKnownFileType = file.storyboard; name = Base; path = Base.lproj/LaunchScreen.storyboard; sourceTree = "<group>"; };
		7C5D7E622C592B3400D60725 /* Info.plist */ = {isa = PBXFileReference; lastKnownFileType = text.plist.xml; path = Info.plist; sourceTree = "<group>"; };
		7C5D7E6C2C592F9E00D60725 /* SignInVC.swift */ = {isa = PBXFileReference; lastKnownFileType = sourcecode.swift; path = SignInVC.swift; sourceTree = "<group>"; };
		7C5D7E6D2C592F9E00D60725 /* SignInVC.xib */ = {isa = PBXFileReference; lastKnownFileType = file.xib; path = SignInVC.xib; sourceTree = "<group>"; };
		7C5DB8752C60F5AD00AEAFFC /* ChangePasswordViewModel.swift */ = {isa = PBXFileReference; lastKnownFileType = sourcecode.swift; path = ChangePasswordViewModel.swift; sourceTree = "<group>"; };
		7C5DB8772C60FE4600AEAFFC /* EditProfileAPIManager.swift */ = {isa = PBXFileReference; lastKnownFileType = sourcecode.swift; path = EditProfileAPIManager.swift; sourceTree = "<group>"; };
		7C5DB8792C60FE8600AEAFFC /* EditProfileViewModel.swift */ = {isa = PBXFileReference; lastKnownFileType = sourcecode.swift; path = EditProfileViewModel.swift; sourceTree = "<group>"; };
		7C5DB87B2C60FEA800AEAFFC /* EditProfileModel.swift */ = {isa = PBXFileReference; lastKnownFileType = sourcecode.swift; path = EditProfileModel.swift; sourceTree = "<group>"; };
		7C5DB87D2C610FAE00AEAFFC /* SignInAPIManager.swift */ = {isa = PBXFileReference; lastKnownFileType = sourcecode.swift; path = SignInAPIManager.swift; sourceTree = "<group>"; };
		7C5DB8802C6111C200AEAFFC /* UserDefaultsManager.swift */ = {isa = PBXFileReference; lastKnownFileType = sourcecode.swift; path = UserDefaultsManager.swift; sourceTree = "<group>"; };
		7C5DFC072C5A572100C25AED /* SelectCurrencyVC.swift */ = {isa = PBXFileReference; lastKnownFileType = sourcecode.swift; path = SelectCurrencyVC.swift; sourceTree = "<group>"; };
		7C5DFC082C5A572100C25AED /* SelectCurrencyVC.xib */ = {isa = PBXFileReference; lastKnownFileType = file.xib; path = SelectCurrencyVC.xib; sourceTree = "<group>"; };
		7C5DFC0F2C5A5FE300C25AED /* AddCardRouting.swift */ = {isa = PBXFileReference; lastKnownFileType = sourcecode.swift; path = AddCardRouting.swift; sourceTree = "<group>"; };
		7C5DFC142C5A641900C25AED /* AddNewCardVC.swift */ = {isa = PBXFileReference; lastKnownFileType = sourcecode.swift; path = AddNewCardVC.swift; sourceTree = "<group>"; };
		7C5DFC152C5A641900C25AED /* AddNewCardVC.xib */ = {isa = PBXFileReference; lastKnownFileType = file.xib; path = AddNewCardVC.xib; sourceTree = "<group>"; };
		7C5E3B1A2C5E0F4300677A06 /* ProfileRouting.swift */ = {isa = PBXFileReference; lastKnownFileType = sourcecode.swift; path = ProfileRouting.swift; sourceTree = "<group>"; };
		7C5E3B1E2C5E1C5900677A06 /* SignInViewModel.swift */ = {isa = PBXFileReference; lastKnownFileType = sourcecode.swift; path = SignInViewModel.swift; sourceTree = "<group>"; };
		7C5E3B212C5E25C700677A06 /* DisplayErrorMessageProtocol.swift */ = {isa = PBXFileReference; lastKnownFileType = sourcecode.swift; path = DisplayErrorMessageProtocol.swift; sourceTree = "<group>"; };
		7C5E3B232C5E317B00677A06 /* ChangePasswordVisibilityProtocol.swift */ = {isa = PBXFileReference; lastKnownFileType = sourcecode.swift; path = ChangePasswordVisibilityProtocol.swift; sourceTree = "<group>"; };
		7C5E4D112C5F69D5002433B9 /* GetCountriesAPIManager.swift */ = {isa = PBXFileReference; lastKnownFileType = sourcecode.swift; path = GetCountriesAPIManager.swift; sourceTree = "<group>"; };
		7C5E4D132C5F6B6A002433B9 /* CountriesModel.swift */ = {isa = PBXFileReference; lastKnownFileType = sourcecode.swift; path = CountriesModel.swift; sourceTree = "<group>"; };
		7C5E4D152C5F6DA9002433B9 /* CountriesViewModel.swift */ = {isa = PBXFileReference; lastKnownFileType = sourcecode.swift; path = CountriesViewModel.swift; sourceTree = "<group>"; };
		7C5E4D172C5F842D002433B9 /* SelectCurrencyModel.swift */ = {isa = PBXFileReference; lastKnownFileType = sourcecode.swift; path = SelectCurrencyModel.swift; sourceTree = "<group>"; };
		7C5E4D192C5F84D9002433B9 /* GetCurrenciesAPIManager.swift */ = {isa = PBXFileReference; lastKnownFileType = sourcecode.swift; path = GetCurrenciesAPIManager.swift; sourceTree = "<group>"; };
		7C5E4D1C2C5F878F002433B9 /* SelectCurrencyViewModel.swift */ = {isa = PBXFileReference; lastKnownFileType = sourcecode.swift; path = SelectCurrencyViewModel.swift; sourceTree = "<group>"; };
		7C60E7252C5A3F15009E06C6 /* CountryViewCell.swift */ = {isa = PBXFileReference; fileEncoding = 4; lastKnownFileType = sourcecode.swift; path = CountryViewCell.swift; sourceTree = "<group>"; };
		7C60E7262C5A3F15009E06C6 /* CountryViewCell.xib */ = {isa = PBXFileReference; fileEncoding = 4; lastKnownFileType = file.xib; path = CountryViewCell.xib; sourceTree = "<group>"; };
		7C60E72B2C5A4209009E06C6 /* AuthenticationRouting.swift */ = {isa = PBXFileReference; lastKnownFileType = sourcecode.swift; path = AuthenticationRouting.swift; sourceTree = "<group>"; };
		7C88C3B42C5CC93900BE6622 /* NotificationCell.swift */ = {isa = PBXFileReference; lastKnownFileType = sourcecode.swift; path = NotificationCell.swift; sourceTree = "<group>"; };
		7C88C3B52C5CC93900BE6622 /* NotificationCell.xib */ = {isa = PBXFileReference; lastKnownFileType = file.xib; path = NotificationCell.xib; sourceTree = "<group>"; };
		7C88C3B92C5CDFE400BE6622 /* SuccessConnect.swift */ = {isa = PBXFileReference; lastKnownFileType = sourcecode.swift; path = SuccessConnect.swift; sourceTree = "<group>"; };
		7C88C3BA2C5CDFE400BE6622 /* SuccessConnect.xib */ = {isa = PBXFileReference; lastKnownFileType = file.xib; path = SuccessConnect.xib; sourceTree = "<group>"; };
		7C88C3C02C5CF02C00BE6622 /* UserModel.swift */ = {isa = PBXFileReference; lastKnownFileType = sourcecode.swift; path = UserModel.swift; sourceTree = "<group>"; };
		7C88C3C22C5CFA2F00BE6622 /* String+Trim.swift */ = {isa = PBXFileReference; fileEncoding = 4; lastKnownFileType = sourcecode.swift; path = "String+Trim.swift"; sourceTree = "<group>"; };
		7C88C3C32C5CFA2F00BE6622 /* VC+AlertMessage.swift */ = {isa = PBXFileReference; fileEncoding = 4; lastKnownFileType = sourcecode.swift; path = "VC+AlertMessage.swift"; sourceTree = "<group>"; };
		7C88C3C42C5CFA2F00BE6622 /* UIView+Loader.swift */ = {isa = PBXFileReference; fileEncoding = 4; lastKnownFileType = sourcecode.swift; path = "UIView+Loader.swift"; sourceTree = "<group>"; };
		7C88C3C52C5CFA2F00BE6622 /* UserDefaults+contains.swift */ = {isa = PBXFileReference; fileEncoding = 4; lastKnownFileType = sourcecode.swift; path = "UserDefaults+contains.swift"; sourceTree = "<group>"; };
		7C88C3CA2C5CFA4000BE6622 /* ValidateUserData.swift */ = {isa = PBXFileReference; fileEncoding = 4; lastKnownFileType = sourcecode.swift; path = ValidateUserData.swift; sourceTree = "<group>"; };
		7C88C3D22C5D050700BE6622 /* SignUpViewModel.swift */ = {isa = PBXFileReference; lastKnownFileType = sourcecode.swift; path = SignUpViewModel.swift; sourceTree = "<group>"; };
		8F1D8EAD26E64F381BD4DD5A /* Pods-GraduationProject.debug.xcconfig */ = {isa = PBXFileReference; includeInIndex = 1; lastKnownFileType = text.xcconfig; name = "Pods-GraduationProject.debug.xcconfig"; path = "Target Support Files/Pods-GraduationProject/Pods-GraduationProject.debug.xcconfig"; sourceTree = "<group>"; };
		9C38C8622C5EF42600C8AC0A /* TransferConfirmationVC.swift */ = {isa = PBXFileReference; lastKnownFileType = sourcecode.swift; path = TransferConfirmationVC.swift; sourceTree = "<group>"; };
		9C38C8632C5EF42600C8AC0A /* TransferConfirmationVC.xib */ = {isa = PBXFileReference; lastKnownFileType = file.xib; path = TransferConfirmationVC.xib; sourceTree = "<group>"; };
		9C38C8662C5FE75000C8AC0A /* HomeVC + TableView.swift */ = {isa = PBXFileReference; lastKnownFileType = sourcecode.swift; path = "HomeVC + TableView.swift"; sourceTree = "<group>"; };
		9C38C8682C5FEC0200C8AC0A /* HomeViewModel.swift */ = {isa = PBXFileReference; lastKnownFileType = sourcecode.swift; path = HomeViewModel.swift; sourceTree = "<group>"; };
		9C38C86A2C5FECDE00C8AC0A /* NotificationRouting.swift */ = {isa = PBXFileReference; lastKnownFileType = sourcecode.swift; path = NotificationRouting.swift; sourceTree = "<group>"; };
		9C38C86C2C5FF17300C8AC0A /* TransferRouting.swift */ = {isa = PBXFileReference; lastKnownFileType = sourcecode.swift; path = TransferRouting.swift; sourceTree = "<group>"; };
		9C38C86E2C5FF4D200C8AC0A /* TransactionRouting.swift */ = {isa = PBXFileReference; lastKnownFileType = sourcecode.swift; path = TransactionRouting.swift; sourceTree = "<group>"; };
		9C38C8702C5FF54C00C8AC0A /* CardsRouting.swift */ = {isa = PBXFileReference; lastKnownFileType = sourcecode.swift; path = CardsRouting.swift; sourceTree = "<group>"; };
		9C38C8722C5FF58F00C8AC0A /* AccountRouting.swift */ = {isa = PBXFileReference; lastKnownFileType = sourcecode.swift; path = AccountRouting.swift; sourceTree = "<group>"; };
		9C38C8762C5FF8F800C8AC0A /* TransferVC + UITextfilled.swift */ = {isa = PBXFileReference; lastKnownFileType = sourcecode.swift; path = "TransferVC + UITextfilled.swift"; sourceTree = "<group>"; };
		9C38C8782C6031C100C8AC0A /* TransferVC + Dismiss Keyboard.swift */ = {isa = PBXFileReference; lastKnownFileType = sourcecode.swift; path = "TransferVC + Dismiss Keyboard.swift"; sourceTree = "<group>"; };
		9C38C87A2C60323D00C8AC0A /* TransferViewModel.swift */ = {isa = PBXFileReference; lastKnownFileType = sourcecode.swift; path = TransferViewModel.swift; sourceTree = "<group>"; };
		9C38C87E2C6038CB00C8AC0A /* TransactionVC + TableView.swift */ = {isa = PBXFileReference; lastKnownFileType = sourcecode.swift; path = "TransactionVC + TableView.swift"; sourceTree = "<group>"; };
		9C38C8802C603AF900C8AC0A /* TransactionViewModel.swift */ = {isa = PBXFileReference; lastKnownFileType = sourcecode.swift; path = TransactionViewModel.swift; sourceTree = "<group>"; };
		9C38C8822C603EB600C8AC0A /* ErrorRouting.swift */ = {isa = PBXFileReference; lastKnownFileType = sourcecode.swift; path = ErrorRouting.swift; sourceTree = "<group>"; };
		9C38C8842C603F9200C8AC0A /* NotificationsVC + TableView.swift */ = {isa = PBXFileReference; lastKnownFileType = sourcecode.swift; path = "NotificationsVC + TableView.swift"; sourceTree = "<group>"; };
		9C38C8872C60414600C8AC0A /* TransferPaymentVC.swift */ = {isa = PBXFileReference; lastKnownFileType = sourcecode.swift; path = TransferPaymentVC.swift; sourceTree = "<group>"; };
		9C38C8882C60414600C8AC0A /* TransferPaymentVC.xib */ = {isa = PBXFileReference; lastKnownFileType = file.xib; path = TransferPaymentVC.xib; sourceTree = "<group>"; };
		9C38C88B2C6050EE00C8AC0A /* HomeModel.swift */ = {isa = PBXFileReference; lastKnownFileType = sourcecode.swift; path = HomeModel.swift; sourceTree = "<group>"; };
		9C38C88D2C6052E700C8AC0A /* TransferModel.swift */ = {isa = PBXFileReference; lastKnownFileType = sourcecode.swift; path = TransferModel.swift; sourceTree = "<group>"; };
		9C38C8902C605AC900C8AC0A /* TransferSelectCurruncyVC.swift */ = {isa = PBXFileReference; lastKnownFileType = sourcecode.swift; path = TransferSelectCurruncyVC.swift; sourceTree = "<group>"; };
		9C38C8912C605AC900C8AC0A /* TransferSelectCurruncyVC.xib */ = {isa = PBXFileReference; lastKnownFileType = file.xib; path = TransferSelectCurruncyVC.xib; sourceTree = "<group>"; };
		9C38C89C2C61331300C8AC0A /* GetChangeRateAPIManager.swift */ = {isa = PBXFileReference; lastKnownFileType = sourcecode.swift; path = GetChangeRateAPIManager.swift; sourceTree = "<group>"; };
		9C38C89E2C61337400C8AC0A /* ChangeRate.swift */ = {isa = PBXFileReference; lastKnownFileType = sourcecode.swift; path = ChangeRate.swift; sourceTree = "<group>"; };
		9CC7065E2C5E61FC007F0E6A /* HomeVC.swift */ = {isa = PBXFileReference; fileEncoding = 4; lastKnownFileType = sourcecode.swift; path = HomeVC.swift; sourceTree = "<group>"; };
		9CC7065F2C5E61FC007F0E6A /* HomeVC.xib */ = {isa = PBXFileReference; fileEncoding = 4; lastKnownFileType = file.xib; path = HomeVC.xib; sourceTree = "<group>"; };
		9CC706632C5E623B007F0E6A /* TransferVC.swift */ = {isa = PBXFileReference; fileEncoding = 4; lastKnownFileType = sourcecode.swift; path = TransferVC.swift; sourceTree = "<group>"; };
		9CC706642C5E623B007F0E6A /* TransferVC.xib */ = {isa = PBXFileReference; fileEncoding = 4; lastKnownFileType = file.xib; path = TransferVC.xib; sourceTree = "<group>"; };
		9CC706682C5E6243007F0E6A /* TransactionDetailsVC.swift */ = {isa = PBXFileReference; fileEncoding = 4; lastKnownFileType = sourcecode.swift; path = TransactionDetailsVC.swift; sourceTree = "<group>"; };
		9CC706692C5E6243007F0E6A /* TransactionDetailsVC.xib */ = {isa = PBXFileReference; fileEncoding = 4; lastKnownFileType = file.xib; path = TransactionDetailsVC.xib; sourceTree = "<group>"; };
		9CC7066A2C5E6243007F0E6A /* TransactionVC.swift */ = {isa = PBXFileReference; fileEncoding = 4; lastKnownFileType = sourcecode.swift; path = TransactionVC.swift; sourceTree = "<group>"; };
		9CC7066B2C5E6243007F0E6A /* TransactionVC.xib */ = {isa = PBXFileReference; fileEncoding = 4; lastKnownFileType = file.xib; path = TransactionVC.xib; sourceTree = "<group>"; };
		9CC706712C5E6257007F0E6A /* NotificationsVC.swift */ = {isa = PBXFileReference; fileEncoding = 4; lastKnownFileType = sourcecode.swift; path = NotificationsVC.swift; sourceTree = "<group>"; };
		9CC706722C5E6257007F0E6A /* NotificationsVC.xib */ = {isa = PBXFileReference; fileEncoding = 4; lastKnownFileType = file.xib; path = NotificationsVC.xib; sourceTree = "<group>"; };
		9CC706762C5E6262007F0E6A /* InternetConnectionErrorVC.swift */ = {isa = PBXFileReference; fileEncoding = 4; lastKnownFileType = sourcecode.swift; path = InternetConnectionErrorVC.swift; sourceTree = "<group>"; };
		9CC706772C5E6262007F0E6A /* InternetConnectionErrorVC.xib */ = {isa = PBXFileReference; fileEncoding = 4; lastKnownFileType = file.xib; path = InternetConnectionErrorVC.xib; sourceTree = "<group>"; };
		9CC706782C5E6262007F0E6A /* ServerErrorVC.swift */ = {isa = PBXFileReference; fileEncoding = 4; lastKnownFileType = sourcecode.swift; path = ServerErrorVC.swift; sourceTree = "<group>"; };
		9CC706792C5E6262007F0E6A /* ServerErrorVC.xib */ = {isa = PBXFileReference; fileEncoding = 4; lastKnownFileType = file.xib; path = ServerErrorVC.xib; sourceTree = "<group>"; };
		9CC7067F2C5E62A2007F0E6A /* DummyTransactionData.swift */ = {isa = PBXFileReference; fileEncoding = 4; lastKnownFileType = sourcecode.swift; path = DummyTransactionData.swift; sourceTree = "<group>"; };
		9CC706802C5E62A2007F0E6A /* TransactionCellModel.swift */ = {isa = PBXFileReference; fileEncoding = 4; lastKnownFileType = sourcecode.swift; path = TransactionCellModel.swift; sourceTree = "<group>"; };
		9CC706832C5E62B8007F0E6A /* UIViewController + roundedCorners + toCircle.swift */ = {isa = PBXFileReference; fileEncoding = 4; lastKnownFileType = sourcecode.swift; path = "UIViewController + roundedCorners + toCircle.swift"; sourceTree = "<group>"; };
		9CC706852C5E6308007F0E6A /* GradientView.swift */ = {isa = PBXFileReference; fileEncoding = 4; lastKnownFileType = sourcecode.swift; path = GradientView.swift; sourceTree = "<group>"; };
		9CC706862C5E6308007F0E6A /* CircularView.swift */ = {isa = PBXFileReference; fileEncoding = 4; lastKnownFileType = sourcecode.swift; path = CircularView.swift; sourceTree = "<group>"; };
		9CC706872C5E6308007F0E6A /* RoundedCornerView.swift */ = {isa = PBXFileReference; fileEncoding = 4; lastKnownFileType = sourcecode.swift; path = RoundedCornerView.swift; sourceTree = "<group>"; };
		9CC706882C5E6308007F0E6A /* StepView.swift */ = {isa = PBXFileReference; fileEncoding = 4; lastKnownFileType = sourcecode.swift; path = StepView.swift; sourceTree = "<group>"; };
		9CC7068D2C5E6319007F0E6A /* TapBarVC.swift */ = {isa = PBXFileReference; fileEncoding = 4; lastKnownFileType = sourcecode.swift; path = TapBarVC.swift; sourceTree = "<group>"; };
		9CC7068F2C5E6343007F0E6A /* NotificationTableViewCell.swift */ = {isa = PBXFileReference; fileEncoding = 4; lastKnownFileType = sourcecode.swift; path = NotificationTableViewCell.swift; sourceTree = "<group>"; };
		9CC706902C5E6343007F0E6A /* NotificationTableViewCell.xib */ = {isa = PBXFileReference; fileEncoding = 4; lastKnownFileType = file.xib; path = NotificationTableViewCell.xib; sourceTree = "<group>"; };
		9CC706922C5E6343007F0E6A /* LastTransactionTableViewCell.swift */ = {isa = PBXFileReference; fileEncoding = 4; lastKnownFileType = sourcecode.swift; path = LastTransactionTableViewCell.swift; sourceTree = "<group>"; };
		9CC706932C5E6343007F0E6A /* LastTransactionTableViewCell.xib */ = {isa = PBXFileReference; fileEncoding = 4; lastKnownFileType = file.xib; path = LastTransactionTableViewCell.xib; sourceTree = "<group>"; };
		9CC706952C5E6343007F0E6A /* HomeRecentTransactionTableViewCell.swift */ = {isa = PBXFileReference; fileEncoding = 4; lastKnownFileType = sourcecode.swift; path = HomeRecentTransactionTableViewCell.swift; sourceTree = "<group>"; };
		9CC706962C5E6343007F0E6A /* HomeRecentTransactionTableViewCell.xib */ = {isa = PBXFileReference; fileEncoding = 4; lastKnownFileType = file.xib; path = HomeRecentTransactionTableViewCell.xib; sourceTree = "<group>"; };
		C319482BBD425217D0084764 /* Pods_GraduationProject.framework */ = {isa = PBXFileReference; explicitFileType = wrapper.framework; includeInIndex = 0; path = Pods_GraduationProject.framework; sourceTree = BUILT_PRODUCTS_DIR; };
/* End PBXFileReference section */

/* Begin PBXFrameworksBuildPhase section */
		7C5D7E4E2C592B3300D60725 /* Frameworks */ = {
			isa = PBXFrameworksBuildPhase;
			buildActionMask = 2147483647;
			files = (
				7099C16AA95FDAB6654ABAD8 /* Pods_GraduationProject.framework in Frameworks */,
			);
			runOnlyForDeploymentPostprocessing = 0;
		};
/* End PBXFrameworksBuildPhase section */

/* Begin PBXGroup section */
		7C561ADF2C5A740400DEAC2E /* ConnectingProgrsss */ = {
			isa = PBXGroup;
			children = (
				7C561AE02C5A742900DEAC2E /* ConnectingProgressVC.swift */,
				7C561AE12C5A742900DEAC2E /* ConnectingProgressVC.xib */,
			);
			path = ConnectingProgrsss;
			sourceTree = "<group>";
		};
		7C561AE62C5A8A8C00DEAC2E /* BankCardOTP */ = {
			isa = PBXGroup;
			children = (
				7C561AE72C5A8ABF00DEAC2E /* BankCardOTP.swift */,
				7C561AE82C5A8ABF00DEAC2E /* BankCardOTP.xib */,
			);
			path = BankCardOTP;
			sourceTree = "<group>";
		};
		7C561AEB2C5A9FBE00DEAC2E /* Profile */ = {
			isa = PBXGroup;
			children = (
				7C5C3C0A2C5AE63B00BDD86A /* ProfileVC */,
				7C5C3C052C5AE04C00BDD86A /* ProfileInfo */,
				7C561AFA2C5AAC7C00DEAC2E /* EditProfile */,
				7C561AF12C5AA06600DEAC2E /* ChangePassword */,
				7C561AF02C5AA00500DEAC2E /* Settings */,
			);
			path = Profile;
			sourceTree = "<group>";
		};
		7C561AF02C5AA00500DEAC2E /* Settings */ = {
			isa = PBXGroup;
			children = (
				7C5C3BEF2C5AC5B400BDD86A /* SettingsTVC.swift */,
				7C5C3BF02C5AC5B400BDD86A /* SettingsTVC.xib */,
			);
			path = Settings;
			sourceTree = "<group>";
		};
		7C561AF12C5AA06600DEAC2E /* ChangePassword */ = {
			isa = PBXGroup;
			children = (
				7C595BB52C60EEF100193843 /* ChangePasswordVC.swift */,
				7C595BB62C60EEF100193843 /* ChangePasswordVC.xib */,
				7C5DB8752C60F5AD00AEAFFC /* ChangePasswordViewModel.swift */,
			);
			path = ChangePassword;
			sourceTree = "<group>";
		};
		7C561AFA2C5AAC7C00DEAC2E /* EditProfile */ = {
			isa = PBXGroup;
			children = (
				7C561AF62C5AAC7300DEAC2E /* EditProfileVC.swift */,
				7C561AF72C5AAC7300DEAC2E /* EditProfileVC.xib */,
				7C5DB8792C60FE8600AEAFFC /* EditProfileViewModel.swift */,
				7C5DB87B2C60FEA800AEAFFC /* EditProfileModel.swift */,
			);
			path = EditProfile;
			sourceTree = "<group>";
		};
		7C56CD002C5A1D7B00C29FFD /* Views */ = {
			isa = PBXGroup;
			children = (
				9CC706972C5E6343007F0E6A /* HomeRecentTransactionCell */,
				9CC706942C5E6343007F0E6A /* LastTransactionCell */,
				9CC706912C5E6343007F0E6A /* NotificationCell */,
				7C60E7252C5A3F15009E06C6 /* CountryViewCell.swift */,
				7C60E7262C5A3F15009E06C6 /* CountryViewCell.xib */,
				7C561AE42C5A745C00DEAC2E /* CircularProgressView.swift */,
				7C5C3BF32C5AC60E00BDD86A /* ProfileCell.swift */,
				7C5C3BF42C5AC60E00BDD86A /* ProfileCell.xib */,
				7C5C3C012C5ADE5300BDD86A /* ProfileInfoCell.swift */,
				7C5C3C022C5ADE5300BDD86A /* ProfileInfoCell.xib */,
				7C88C3B42C5CC93900BE6622 /* NotificationCell.swift */,
				7C88C3B52C5CC93900BE6622 /* NotificationCell.xib */,
				7C17B7B32C5E80F40066892C /* MyCardsCell.swift */,
				7C17B7B42C5E80F40066892C /* MyCardsCell.xib */,
			);
			path = Views;
			sourceTree = "<group>";
		};
		7C59BF382C595E5900AA97E9 /* Extensions */ = {
			isa = PBXGroup;
			children = (
				9CC706832C5E62B8007F0E6A /* UIViewController + roundedCorners + toCircle.swift */,
				7C88C3C32C5CFA2F00BE6622 /* VC+AlertMessage.swift */,
				7C88C3C22C5CFA2F00BE6622 /* String+Trim.swift */,
				7C88C3C42C5CFA2F00BE6622 /* UIView+Loader.swift */,
				7C88C3C52C5CFA2F00BE6622 /* UserDefaults+contains.swift */,
				7C59BF392C595E7300AA97E9 /* UIColor+Hex.swift */,
				7C59BF3B2C595FEA00AA97E9 /* UIView+HexColor.swift */,
			);
			path = Extensions;
			sourceTree = "<group>";
		};
		7C59BF3D2C5963B500AA97E9 /* SharedViews */ = {
			isa = PBXGroup;
			children = (
				9CC706862C5E6308007F0E6A /* CircularView.swift */,
				9CC706852C5E6308007F0E6A /* GradientView.swift */,
				9CC706872C5E6308007F0E6A /* RoundedCornerView.swift */,
				9CC706882C5E6308007F0E6A /* StepView.swift */,
				7C59BF3E2C5963FD00AA97E9 /* CustomTextField.swift */,
				7C555BD22C59835500BDCAC2 /* CustomButton.swift */,
				7C56CD052C5A1EEA00C29FFD /* RoundedImage.swift */,
			);
			path = SharedViews;
			sourceTree = "<group>";
		};
		7C5C3BF72C5ACA9600BDD86A /* Models */ = {
			isa = PBXGroup;
			children = (
				9CC7067F2C5E62A2007F0E6A /* DummyTransactionData.swift */,
				9CC706802C5E62A2007F0E6A /* TransactionCellModel.swift */,
				9C38C89E2C61337400C8AC0A /* ChangeRate.swift */,
			);
			path = Models;
			sourceTree = "<group>";
		};
		7C5C3BFA2C5ACC5800BDD86A /* Constants */ = {
			isa = PBXGroup;
			children = (
				7C5C3BFB2C5ACC6800BDD86A /* VCs.swift */,
				7C5C3BFD2C5ACE5100BDD86A /* ProfileConstData.swift */,
				7C5C3BFF2C5AD5CC00BDD86A /* CellsNames.swift */,
			);
			path = Constants;
			sourceTree = "<group>";
		};
		7C5C3C052C5AE04C00BDD86A /* ProfileInfo */ = {
			isa = PBXGroup;
			children = (
				7C5C3BF82C5ACAF100BDD86A /* ProfileCellModel.swift */,
				7C5C3C062C5AE09800BDD86A /* ProfileInfoTVC.swift */,
				7C5C3C072C5AE09800BDD86A /* ProfileInfoTVC.xib */,
				7C595BAB2C60BAFB00193843 /* ProfileInfoViewModel.swift */,
				7C595BAF2C60BBE700193843 /* ProfileInfoModel.swift */,
			);
			path = ProfileInfo;
			sourceTree = "<group>";
		};
		7C5C3C0A2C5AE63B00BDD86A /* ProfileVC */ = {
			isa = PBXGroup;
			children = (
				7C5C3C0B2C5AE65F00BDD86A /* ProfileVC.swift */,
				7C5C3C0C2C5AE65F00BDD86A /* ProfileVC.xib */,
			);
			path = ProfileVC;
			sourceTree = "<group>";
		};
		7C5D7E482C592B3200D60725 = {
			isa = PBXGroup;
			children = (
				7C5D7E532C592B3300D60725 /* GraduationProject */,
				7C5D7E522C592B3300D60725 /* Products */,
				80EE8F760CBB170F200BA624 /* Pods */,
				7E900848BFBBC2B9535E1931 /* Frameworks */,
			);
			sourceTree = "<group>";
		};
		7C5D7E522C592B3300D60725 /* Products */ = {
			isa = PBXGroup;
			children = (
				7C5D7E512C592B3300D60725 /* GraduationProject.app */,
			);
			name = Products;
			sourceTree = "<group>";
		};
		7C5D7E532C592B3300D60725 /* GraduationProject */ = {
			isa = PBXGroup;
			children = (
				7C5DB87F2C6111AE00AEAFFC /* Managers */,
				7C60E72A2C5A41F1009E06C6 /* Routing */,
				7C60E7292C5A3FCB009E06C6 /* StoryBoard */,
				7C5E4D102C5F69BB002433B9 /* Networking */,
				7C5E3B202C5E256E00677A06 /* CommonProtocols */,
				7C88C3D02C5CFF9000BE6622 /* Utilities */,
				7C5C3BFA2C5ACC5800BDD86A /* Constants */,
				7C5C3BF72C5ACA9600BDD86A /* Models */,
				7C5DFC122C5A611700C25AED /* Screens */,
				7C59BF382C595E5900AA97E9 /* Extensions */,
				7C5D7E6B2C592F2700D60725 /* Resources */,
				7C5D7E5D2C592B3400D60725 /* Assets.xcassets */,
			);
			path = GraduationProject;
			sourceTree = "<group>";
		};
		7C5D7E682C592EFD00D60725 /* Authentication */ = {
			isa = PBXGroup;
			children = (
				7C5D7E6A2C592F1B00D60725 /* SignIn */,
				7C5D7E692C592F0F00D60725 /* SignUp */,
			);
			path = Authentication;
			sourceTree = "<group>";
		};
		7C5D7E692C592F0F00D60725 /* SignUp */ = {
			isa = PBXGroup;
			children = (
				7C5DFC0D2C5A5A1C00C25AED /* CompleteUserData */,
				7C5DFC0C2C5A59AF00C25AED /* SignUp */,
				7C5DFC0B2C5A599200C25AED /* CountrySelect */,
			);
			path = SignUp;
			sourceTree = "<group>";
		};
		7C5D7E6A2C592F1B00D60725 /* SignIn */ = {
			isa = PBXGroup;
			children = (
				7C5E3B1E2C5E1C5900677A06 /* SignInViewModel.swift */,
				7C5D7E6C2C592F9E00D60725 /* SignInVC.swift */,
				7C5D7E6D2C592F9E00D60725 /* SignInVC.xib */,
			);
			path = SignIn;
			sourceTree = "<group>";
		};
		7C5D7E6B2C592F2700D60725 /* Resources */ = {
			isa = PBXGroup;
			children = (
				7C5D7E542C592B3300D60725 /* AppDelegate.swift */,
				7C5D7E622C592B3400D60725 /* Info.plist */,
			);
			path = Resources;
			sourceTree = "<group>";
		};
		7C5DB87F2C6111AE00AEAFFC /* Managers */ = {
			isa = PBXGroup;
			children = (
				7C5DB8802C6111C200AEAFFC /* UserDefaultsManager.swift */,
			);
			path = Managers;
			sourceTree = "<group>";
		};
		7C5DFC062C5A4C9100C25AED /* AddCard */ = {
			isa = PBXGroup;
			children = (
				7C88C3BD2C5CEF7A00BE6622 /* MyCards */,
				7C88C3B82C5CDFC200BE6622 /* SuccessConnect */,
				7C561AE62C5A8A8C00DEAC2E /* BankCardOTP */,
				7C561ADF2C5A740400DEAC2E /* ConnectingProgrsss */,
				7C5DFC132C5A63F400C25AED /* AddNewCard */,
				7C5DFC112C5A60E700C25AED /* SelectCurrency */,
			);
			path = AddCard;
			sourceTree = "<group>";
		};
		7C5DFC0B2C5A599200C25AED /* CountrySelect */ = {
			isa = PBXGroup;
			children = (
				7C5E4D132C5F6B6A002433B9 /* CountriesModel.swift */,
				7C5E4D152C5F6DA9002433B9 /* CountriesViewModel.swift */,
				7C56CCFC2C5A1D7100C29FFD /* CountriesTVC.swift */,
				7C56CCFD2C5A1D7100C29FFD /* CountriesTVC.xib */,
			);
			path = CountrySelect;
			sourceTree = "<group>";
		};
		7C5DFC0C2C5A59AF00C25AED /* SignUp */ = {
			isa = PBXGroup;
			children = (
				7C88C3C02C5CF02C00BE6622 /* UserModel.swift */,
				7C88C3D22C5D050700BE6622 /* SignUpViewModel.swift */,
				7C555BD42C5994CF00BDCAC2 /* SignUpVC.swift */,
				7C555BD52C5994CF00BDCAC2 /* SignUpVC.xib */,
			);
			path = SignUp;
			sourceTree = "<group>";
		};
		7C5DFC0D2C5A5A1C00C25AED /* CompleteUserData */ = {
			isa = PBXGroup;
			children = (
				7C595BA92C60AAE400193843 /* SignUpUserDataEntryViewModel.swift */,
				7C555BD82C59971300BDCAC2 /* SignUpUserDataEntryVC.swift */,
				7C555BD92C59971300BDCAC2 /* SignUpUserDataEntryVC.xib */,
			);
			path = CompleteUserData;
			sourceTree = "<group>";
		};
		7C5DFC112C5A60E700C25AED /* SelectCurrency */ = {
			isa = PBXGroup;
			children = (
				7C5E4D172C5F842D002433B9 /* SelectCurrencyModel.swift */,
				7C5E4D1C2C5F878F002433B9 /* SelectCurrencyViewModel.swift */,
				7C5DFC072C5A572100C25AED /* SelectCurrencyVC.swift */,
				7C5DFC082C5A572100C25AED /* SelectCurrencyVC.xib */,
			);
			path = SelectCurrency;
			sourceTree = "<group>";
		};
		7C5DFC122C5A611700C25AED /* Screens */ = {
			isa = PBXGroup;
			children = (
				9CC706602C5E61FC007F0E6A /* Home */,
				9CC706652C5E623B007F0E6A /* Transfer */,
				9CC7066C2C5E6243007F0E6A /* Transaction */,
				9CC706732C5E6257007F0E6A /* Notifications */,
				9CC7067A2C5E6262007F0E6A /* Error */,
				7C561AEB2C5A9FBE00DEAC2E /* Profile */,
				7C5DFC062C5A4C9100C25AED /* AddCard */,
				7C5D7E682C592EFD00D60725 /* Authentication */,
			);
			path = Screens;
			sourceTree = "<group>";
		};
		7C5DFC132C5A63F400C25AED /* AddNewCard */ = {
			isa = PBXGroup;
			children = (
				7C5DFC142C5A641900C25AED /* AddNewCardVC.swift */,
				7C5DFC152C5A641900C25AED /* AddNewCardVC.xib */,
			);
			path = AddNewCard;
			sourceTree = "<group>";
		};
		7C5E3B202C5E256E00677A06 /* CommonProtocols */ = {
			isa = PBXGroup;
			children = (
				7C5E3B212C5E25C700677A06 /* DisplayErrorMessageProtocol.swift */,
				7C5E3B232C5E317B00677A06 /* ChangePasswordVisibilityProtocol.swift */,
			);
			path = CommonProtocols;
			sourceTree = "<group>";
		};
		7C5E4D102C5F69BB002433B9 /* Networking */ = {
			isa = PBXGroup;
			children = (
				7C5E4D112C5F69D5002433B9 /* GetCountriesAPIManager.swift */,
				7C5E4D192C5F84D9002433B9 /* GetCurrenciesAPIManager.swift */,
				7C595BB12C60BD3900193843 /* GetProfileInfoAPIManager.swift */,
				7C595BB32C60E98200193843 /* ChangePasswordAPIManager.swift */,
				9C38C89C2C61331300C8AC0A /* GetChangeRateAPIManager.swift */,
				7C5DB8772C60FE4600AEAFFC /* EditProfileAPIManager.swift */,
				7C5DB87D2C610FAE00AEAFFC /* SignInAPIManager.swift */,
			);
			path = Networking;
			sourceTree = "<group>";
		};
		7C60E7292C5A3FCB009E06C6 /* StoryBoard */ = {
			isa = PBXGroup;
			children = (
				7C5D7E5F2C592B3400D60725 /* LaunchScreen.storyboard */,
			);
			path = StoryBoard;
			sourceTree = "<group>";
		};
		7C60E72A2C5A41F1009E06C6 /* Routing */ = {
			isa = PBXGroup;
			children = (
				9CC7068D2C5E6319007F0E6A /* TapBarVC.swift */,
				7C60E72B2C5A4209009E06C6 /* AuthenticationRouting.swift */,
				7C5DFC0F2C5A5FE300C25AED /* AddCardRouting.swift */,
				7C5E3B1A2C5E0F4300677A06 /* ProfileRouting.swift */,
				7C17B7AC2C5E66E20066892C /* HomeRouting.swift */,
				9C38C86A2C5FECDE00C8AC0A /* NotificationRouting.swift */,
				9C38C86C2C5FF17300C8AC0A /* TransferRouting.swift */,
				9C38C86E2C5FF4D200C8AC0A /* TransactionRouting.swift */,
				9C38C8702C5FF54C00C8AC0A /* CardsRouting.swift */,
				9C38C8722C5FF58F00C8AC0A /* AccountRouting.swift */,
				9C38C8822C603EB600C8AC0A /* ErrorRouting.swift */,
			);
			path = Routing;
			sourceTree = "<group>";
		};
		7C88C3B82C5CDFC200BE6622 /* SuccessConnect */ = {
			isa = PBXGroup;
			children = (
				7C88C3B92C5CDFE400BE6622 /* SuccessConnect.swift */,
				7C88C3BA2C5CDFE400BE6622 /* SuccessConnect.xib */,
			);
			path = SuccessConnect;
			sourceTree = "<group>";
		};
		7C88C3BD2C5CEF7A00BE6622 /* MyCards */ = {
			isa = PBXGroup;
			children = (
				7C17B7AE2C5E77AE0066892C /* MyCardsVC.swift */,
				7C17B7AF2C5E77AF0066892C /* MyCardsVC.xib */,
			);
			path = MyCards;
			sourceTree = "<group>";
		};
		7C88C3D02C5CFF9000BE6622 /* Utilities */ = {
			isa = PBXGroup;
			children = (
				7C56CD002C5A1D7B00C29FFD /* Views */,
				7C59BF3D2C5963B500AA97E9 /* SharedViews */,
				7C88C3CA2C5CFA4000BE6622 /* ValidateUserData.swift */,
			);
			path = Utilities;
			sourceTree = "<group>";
		};
		7E900848BFBBC2B9535E1931 /* Frameworks */ = {
			isa = PBXGroup;
			children = (
				C319482BBD425217D0084764 /* Pods_GraduationProject.framework */,
			);
			name = Frameworks;
			sourceTree = "<group>";
		};
		80EE8F760CBB170F200BA624 /* Pods */ = {
			isa = PBXGroup;
			children = (
				8F1D8EAD26E64F381BD4DD5A /* Pods-GraduationProject.debug.xcconfig */,
				2EF063EC907CEBAFA6D7EC25 /* Pods-GraduationProject.release.xcconfig */,
			);
			path = Pods;
			sourceTree = "<group>";
		};
		9C38C8742C5FF7EA00C8AC0A /* Amount */ = {
			isa = PBXGroup;
			children = (
				9CC706642C5E623B007F0E6A /* TransferVC.xib */,
				9CC706632C5E623B007F0E6A /* TransferVC.swift */,
				9C38C87A2C60323D00C8AC0A /* TransferViewModel.swift */,
				9C38C8782C6031C100C8AC0A /* TransferVC + Dismiss Keyboard.swift */,
				9C38C8762C5FF8F800C8AC0A /* TransferVC + UITextfilled.swift */,
			);
			path = Amount;
			sourceTree = "<group>";
		};
		9C38C8752C5FF80E00C8AC0A /* Confirmation */ = {
			isa = PBXGroup;
			children = (
				9C38C8622C5EF42600C8AC0A /* TransferConfirmationVC.swift */,
				9C38C8632C5EF42600C8AC0A /* TransferConfirmationVC.xib */,
			);
			path = Confirmation;
			sourceTree = "<group>";
		};
		9C38C87C2C60387D00C8AC0A /* Transactions */ = {
			isa = PBXGroup;
			children = (
				9CC7066B2C5E6243007F0E6A /* TransactionVC.xib */,
				9CC7066A2C5E6243007F0E6A /* TransactionVC.swift */,
				9C38C8802C603AF900C8AC0A /* TransactionViewModel.swift */,
				9C38C87E2C6038CB00C8AC0A /* TransactionVC + TableView.swift */,
			);
			path = Transactions;
			sourceTree = "<group>";
		};
		9C38C87D2C60389900C8AC0A /* Transaction Details */ = {
			isa = PBXGroup;
			children = (
				9CC706682C5E6243007F0E6A /* TransactionDetailsVC.swift */,
				9CC706692C5E6243007F0E6A /* TransactionDetailsVC.xib */,
			);
			path = "Transaction Details";
			sourceTree = "<group>";
		};
		9C38C8862C60411B00C8AC0A /* Payment */ = {
			isa = PBXGroup;
			children = (
				9C38C8872C60414600C8AC0A /* TransferPaymentVC.swift */,
				9C38C8882C60414600C8AC0A /* TransferPaymentVC.xib */,
			);
			path = Payment;
			sourceTree = "<group>";
		};
		9C38C88F2C605A9500C8AC0A /* TransferSelectCurruncy */ = {
			isa = PBXGroup;
			children = (
				9C38C8912C605AC900C8AC0A /* TransferSelectCurruncyVC.xib */,
				9C38C8902C605AC900C8AC0A /* TransferSelectCurruncyVC.swift */,
			);
			path = TransferSelectCurruncy;
			sourceTree = "<group>";
		};
		9CC706602C5E61FC007F0E6A /* Home */ = {
			isa = PBXGroup;
			children = (
				9CC7065F2C5E61FC007F0E6A /* HomeVC.xib */,
				9CC7065E2C5E61FC007F0E6A /* HomeVC.swift */,
				9C38C88B2C6050EE00C8AC0A /* HomeModel.swift */,
				9C38C8662C5FE75000C8AC0A /* HomeVC + TableView.swift */,
				9C38C8682C5FEC0200C8AC0A /* HomeViewModel.swift */,
			);
			path = Home;
			sourceTree = "<group>";
		};
		9CC706652C5E623B007F0E6A /* Transfer */ = {
			isa = PBXGroup;
			children = (
				9C38C88D2C6052E700C8AC0A /* TransferModel.swift */,
				9C38C8742C5FF7EA00C8AC0A /* Amount */,
				9C38C8752C5FF80E00C8AC0A /* Confirmation */,
				9C38C8862C60411B00C8AC0A /* Payment */,
				9C38C88F2C605A9500C8AC0A /* TransferSelectCurruncy */,
			);
			path = Transfer;
			sourceTree = "<group>";
		};
		9CC7066C2C5E6243007F0E6A /* Transaction */ = {
			isa = PBXGroup;
			children = (
				9C38C87C2C60387D00C8AC0A /* Transactions */,
				9C38C87D2C60389900C8AC0A /* Transaction Details */,
			);
			path = Transaction;
			sourceTree = "<group>";
		};
		9CC706732C5E6257007F0E6A /* Notifications */ = {
			isa = PBXGroup;
			children = (
				9CC706722C5E6257007F0E6A /* NotificationsVC.xib */,
				9CC706712C5E6257007F0E6A /* NotificationsVC.swift */,
				9C38C8842C603F9200C8AC0A /* NotificationsVC + TableView.swift */,
			);
			path = Notifications;
			sourceTree = "<group>";
		};
		9CC7067A2C5E6262007F0E6A /* Error */ = {
			isa = PBXGroup;
			children = (
				9CC706762C5E6262007F0E6A /* InternetConnectionErrorVC.swift */,
				9CC706772C5E6262007F0E6A /* InternetConnectionErrorVC.xib */,
				9CC706782C5E6262007F0E6A /* ServerErrorVC.swift */,
				9CC706792C5E6262007F0E6A /* ServerErrorVC.xib */,
			);
			path = Error;
			sourceTree = "<group>";
		};
		9CC706912C5E6343007F0E6A /* NotificationCell */ = {
			isa = PBXGroup;
			children = (
				9CC7068F2C5E6343007F0E6A /* NotificationTableViewCell.swift */,
				9CC706902C5E6343007F0E6A /* NotificationTableViewCell.xib */,
			);
			path = NotificationCell;
			sourceTree = "<group>";
		};
		9CC706942C5E6343007F0E6A /* LastTransactionCell */ = {
			isa = PBXGroup;
			children = (
				9CC706922C5E6343007F0E6A /* LastTransactionTableViewCell.swift */,
				9CC706932C5E6343007F0E6A /* LastTransactionTableViewCell.xib */,
			);
			path = LastTransactionCell;
			sourceTree = "<group>";
		};
		9CC706972C5E6343007F0E6A /* HomeRecentTransactionCell */ = {
			isa = PBXGroup;
			children = (
				9CC706952C5E6343007F0E6A /* HomeRecentTransactionTableViewCell.swift */,
				9CC706962C5E6343007F0E6A /* HomeRecentTransactionTableViewCell.xib */,
			);
			path = HomeRecentTransactionCell;
			sourceTree = "<group>";
		};
/* End PBXGroup section */

/* Begin PBXNativeTarget section */
		7C5D7E502C592B3300D60725 /* GraduationProject */ = {
			isa = PBXNativeTarget;
			buildConfigurationList = 7C5D7E652C592B3400D60725 /* Build configuration list for PBXNativeTarget "GraduationProject" */;
			buildPhases = (
				51D55BB674C60D9CAF49C412 /* [CP] Check Pods Manifest.lock */,
				7C5D7E4D2C592B3300D60725 /* Sources */,
				7C5D7E4E2C592B3300D60725 /* Frameworks */,
				7C5D7E4F2C592B3300D60725 /* Resources */,
				18489AB21C2531869C76E277 /* [CP] Embed Pods Frameworks */,
			);
			buildRules = (
			);
			dependencies = (
			);
			name = GraduationProject;
			productName = GraduationProject;
			productReference = 7C5D7E512C592B3300D60725 /* GraduationProject.app */;
			productType = "com.apple.product-type.application";
		};
/* End PBXNativeTarget section */

/* Begin PBXProject section */
		7C5D7E492C592B3200D60725 /* Project object */ = {
			isa = PBXProject;
			attributes = {
				BuildIndependentTargetsInParallel = 1;
				LastSwiftUpdateCheck = 1310;
				LastUpgradeCheck = 1310;
				TargetAttributes = {
					7C5D7E502C592B3300D60725 = {
						CreatedOnToolsVersion = 13.1;
					};
				};
			};
			buildConfigurationList = 7C5D7E4C2C592B3200D60725 /* Build configuration list for PBXProject "GraduationProject" */;
			compatibilityVersion = "Xcode 13.0";
			developmentRegion = en;
			hasScannedForEncodings = 0;
			knownRegions = (
				en,
				Base,
			);
			mainGroup = 7C5D7E482C592B3200D60725;
			productRefGroup = 7C5D7E522C592B3300D60725 /* Products */;
			projectDirPath = "";
			projectRoot = "";
			targets = (
				7C5D7E502C592B3300D60725 /* GraduationProject */,
			);
		};
/* End PBXProject section */

/* Begin PBXResourcesBuildPhase section */
		7C5D7E4F2C592B3300D60725 /* Resources */ = {
			isa = PBXResourcesBuildPhase;
			buildActionMask = 2147483647;
			files = (
				7C56CCFF2C5A1D7100C29FFD /* CountriesTVC.xib in Resources */,
				9C38C8652C5EF42600C8AC0A /* TransferConfirmationVC.xib in Resources */,
				7C17B7B12C5E77AF0066892C /* MyCardsVC.xib in Resources */,
				7C595BB82C60EEF100193843 /* ChangePasswordVC.xib in Resources */,
				7C5C3C042C5ADE5300BDD86A /* ProfileInfoCell.xib in Resources */,
				7C5DFC0A2C5A572100C25AED /* SelectCurrencyVC.xib in Resources */,
				7C561AF92C5AAC7400DEAC2E /* EditProfileVC.xib in Resources */,
				9CC7069D2C5E6343007F0E6A /* HomeRecentTransactionTableViewCell.xib in Resources */,
				7C555BD72C5994CF00BDCAC2 /* SignUpVC.xib in Resources */,
				9CC7066E2C5E6243007F0E6A /* TransactionDetailsVC.xib in Resources */,
				7C88C3B72C5CC93900BE6622 /* NotificationCell.xib in Resources */,
				7C88C3BC2C5CDFE400BE6622 /* SuccessConnect.xib in Resources */,
				9CC706752C5E6257007F0E6A /* NotificationsVC.xib in Resources */,
				7C5D7E6F2C592F9E00D60725 /* SignInVC.xib in Resources */,
				7C60E7282C5A3F15009E06C6 /* CountryViewCell.xib in Resources */,
				9C38C88A2C60414600C8AC0A /* TransferPaymentVC.xib in Resources */,
				7C561AE32C5A742900DEAC2E /* ConnectingProgressVC.xib in Resources */,
				9CC706992C5E6343007F0E6A /* NotificationTableViewCell.xib in Resources */,
				9CC7067C2C5E6262007F0E6A /* InternetConnectionErrorVC.xib in Resources */,
				7C561AEA2C5A8ABF00DEAC2E /* BankCardOTP.xib in Resources */,
				9CC7067E2C5E6262007F0E6A /* ServerErrorVC.xib in Resources */,
				7C5C3C092C5AE09800BDD86A /* ProfileInfoTVC.xib in Resources */,
				7C17B7B62C5E80F40066892C /* MyCardsCell.xib in Resources */,
				9CC7069B2C5E6343007F0E6A /* LastTransactionTableViewCell.xib in Resources */,
				7C5C3C0E2C5AE65F00BDD86A /* ProfileVC.xib in Resources */,
				9CC706672C5E623B007F0E6A /* TransferVC.xib in Resources */,
				9CC706622C5E61FC007F0E6A /* HomeVC.xib in Resources */,
				9C38C8932C605AC900C8AC0A /* TransferSelectCurruncyVC.xib in Resources */,
				7C5C3BF22C5AC5B400BDD86A /* SettingsTVC.xib in Resources */,
				9CC706702C5E6243007F0E6A /* TransactionVC.xib in Resources */,
				7C5C3BF62C5AC60E00BDD86A /* ProfileCell.xib in Resources */,
				7C5D7E612C592B3400D60725 /* LaunchScreen.storyboard in Resources */,
				7C5DFC172C5A641900C25AED /* AddNewCardVC.xib in Resources */,
				7C555BDB2C59971300BDCAC2 /* SignUpUserDataEntryVC.xib in Resources */,
				7C5D7E5E2C592B3400D60725 /* Assets.xcassets in Resources */,
			);
			runOnlyForDeploymentPostprocessing = 0;
		};
/* End PBXResourcesBuildPhase section */

/* Begin PBXShellScriptBuildPhase section */
		18489AB21C2531869C76E277 /* [CP] Embed Pods Frameworks */ = {
			isa = PBXShellScriptBuildPhase;
			buildActionMask = 2147483647;
			files = (
			);
			inputFileListPaths = (
				"${PODS_ROOT}/Target Support Files/Pods-GraduationProject/Pods-GraduationProject-frameworks-${CONFIGURATION}-input-files.xcfilelist",
			);
			name = "[CP] Embed Pods Frameworks";
			outputFileListPaths = (
				"${PODS_ROOT}/Target Support Files/Pods-GraduationProject/Pods-GraduationProject-frameworks-${CONFIGURATION}-output-files.xcfilelist",
			);
			runOnlyForDeploymentPostprocessing = 0;
			shellPath = /bin/sh;
			shellScript = "\"${PODS_ROOT}/Target Support Files/Pods-GraduationProject/Pods-GraduationProject-frameworks.sh\"\n";
			showEnvVarsInLog = 0;
		};
		51D55BB674C60D9CAF49C412 /* [CP] Check Pods Manifest.lock */ = {
			isa = PBXShellScriptBuildPhase;
			buildActionMask = 2147483647;
			files = (
			);
			inputFileListPaths = (
			);
			inputPaths = (
				"${PODS_PODFILE_DIR_PATH}/Podfile.lock",
				"${PODS_ROOT}/Manifest.lock",
			);
			name = "[CP] Check Pods Manifest.lock";
			outputFileListPaths = (
			);
			outputPaths = (
				"$(DERIVED_FILE_DIR)/Pods-GraduationProject-checkManifestLockResult.txt",
			);
			runOnlyForDeploymentPostprocessing = 0;
			shellPath = /bin/sh;
			shellScript = "diff \"${PODS_PODFILE_DIR_PATH}/Podfile.lock\" \"${PODS_ROOT}/Manifest.lock\" > /dev/null\nif [ $? != 0 ] ; then\n    # print error to STDERR\n    echo \"error: The sandbox is not in sync with the Podfile.lock. Run 'pod install' or update your CocoaPods installation.\" >&2\n    exit 1\nfi\n# This output is used by Xcode 'outputs' to avoid re-running this script phase.\necho \"SUCCESS\" > \"${SCRIPT_OUTPUT_FILE_0}\"\n";
			showEnvVarsInLog = 0;
		};
/* End PBXShellScriptBuildPhase section */

/* Begin PBXSourcesBuildPhase section */
		7C5D7E4D2C592B3300D60725 /* Sources */ = {
			isa = PBXSourcesBuildPhase;
			buildActionMask = 2147483647;
			files = (
				7C56CCFE2C5A1D7100C29FFD /* CountriesTVC.swift in Sources */,
				9CC706842C5E62B8007F0E6A /* UIViewController + roundedCorners + toCircle.swift in Sources */,
				7C88C3D32C5D050700BE6622 /* SignUpViewModel.swift in Sources */,
				9C38C8832C603EB600C8AC0A /* ErrorRouting.swift in Sources */,
				7C555BDA2C59971300BDCAC2 /* SignUpUserDataEntryVC.swift in Sources */,
				7C5C3BF92C5ACAF100BDD86A /* ProfileCellModel.swift in Sources */,
				9C38C86D2C5FF17300C8AC0A /* TransferRouting.swift in Sources */,
				9C38C8712C5FF54C00C8AC0A /* CardsRouting.swift in Sources */,
				7C17B7B52C5E80F40066892C /* MyCardsCell.swift in Sources */,
				9C38C8892C60414600C8AC0A /* TransferPaymentVC.swift in Sources */,
				7C5C3C0D2C5AE65F00BDD86A /* ProfileVC.swift in Sources */,
				9C38C88E2C6052E700C8AC0A /* TransferModel.swift in Sources */,
				7C555BD62C5994CF00BDCAC2 /* SignUpVC.swift in Sources */,
				7C5E3B1F2C5E1C5900677A06 /* SignInViewModel.swift in Sources */,
				9CC706892C5E6308007F0E6A /* GradientView.swift in Sources */,
				7C5C3BF52C5AC60E00BDD86A /* ProfileCell.swift in Sources */,
				9CC7066D2C5E6243007F0E6A /* TransactionDetailsVC.swift in Sources */,
				7C5DB87C2C60FEA800AEAFFC /* EditProfileModel.swift in Sources */,
				7C88C3C62C5CFA2F00BE6622 /* String+Trim.swift in Sources */,
				9CC706612C5E61FC007F0E6A /* HomeVC.swift in Sources */,
				7C88C3C92C5CFA2F00BE6622 /* UserDefaults+contains.swift in Sources */,
				7C5C3C082C5AE09800BDD86A /* ProfileInfoTVC.swift in Sources */,
				7C17B7AD2C5E66E20066892C /* HomeRouting.swift in Sources */,
				9C38C87B2C60323D00C8AC0A /* TransferViewModel.swift in Sources */,
				7C595BB02C60BBE700193843 /* ProfileInfoModel.swift in Sources */,
				7C5DB87A2C60FE8600AEAFFC /* EditProfileViewModel.swift in Sources */,
				9C38C86F2C5FF4D200C8AC0A /* TransactionRouting.swift in Sources */,
				7C595BAA2C60AAE400193843 /* SignUpUserDataEntryViewModel.swift in Sources */,
				9CC7067B2C5E6262007F0E6A /* InternetConnectionErrorVC.swift in Sources */,
				9CC7067D2C5E6262007F0E6A /* ServerErrorVC.swift in Sources */,
				9C38C8692C5FEC0200C8AC0A /* HomeViewModel.swift in Sources */,
				7C595BAC2C60BAFB00193843 /* ProfileInfoViewModel.swift in Sources */,
				9CC706982C5E6343007F0E6A /* NotificationTableViewCell.swift in Sources */,
				7C5E4D182C5F842D002433B9 /* SelectCurrencyModel.swift in Sources */,
				7C561AF82C5AAC7400DEAC2E /* EditProfileVC.swift in Sources */,
				9C38C8812C603AF900C8AC0A /* TransactionViewModel.swift in Sources */,
				7C59BF3C2C595FEA00AA97E9 /* UIView+HexColor.swift in Sources */,
				7C5E4D142C5F6B6A002433B9 /* CountriesModel.swift in Sources */,
				7C59BF3A2C595E7300AA97E9 /* UIColor+Hex.swift in Sources */,
				7C5E3B242C5E317B00677A06 /* ChangePasswordVisibilityProtocol.swift in Sources */,
				9C38C89F2C61337400C8AC0A /* ChangeRate.swift in Sources */,
				9CC706812C5E62A2007F0E6A /* DummyTransactionData.swift in Sources */,
				9C38C86B2C5FECDE00C8AC0A /* NotificationRouting.swift in Sources */,
				7C88C3C12C5CF02C00BE6622 /* UserModel.swift in Sources */,
				9C38C89D2C61331300C8AC0A /* GetChangeRateAPIManager.swift in Sources */,
				7C5C3BFC2C5ACC6800BDD86A /* VCs.swift in Sources */,
				9CC706742C5E6257007F0E6A /* NotificationsVC.swift in Sources */,
				9CC7069C2C5E6343007F0E6A /* HomeRecentTransactionTableViewCell.swift in Sources */,
				7C5E3B1B2C5E0F4300677A06 /* ProfileRouting.swift in Sources */,
				7C5DFC092C5A572100C25AED /* SelectCurrencyVC.swift in Sources */,
				7C555BD32C59835500BDCAC2 /* CustomButton.swift in Sources */,
				7C561AE92C5A8ABF00DEAC2E /* BankCardOTP.swift in Sources */,
				7C5DB87E2C610FAE00AEAFFC /* SignInAPIManager.swift in Sources */,
				9C38C8852C603F9200C8AC0A /* NotificationsVC + TableView.swift in Sources */,
				7C561AE52C5A745C00DEAC2E /* CircularProgressView.swift in Sources */,
				7C88C3C72C5CFA2F00BE6622 /* VC+AlertMessage.swift in Sources */,
				7C5DFC162C5A641900C25AED /* AddNewCardVC.swift in Sources */,
				7C5D7E6E2C592F9E00D60725 /* SignInVC.swift in Sources */,
				7C595BB42C60E98200193843 /* ChangePasswordAPIManager.swift in Sources */,
				9C38C8672C5FE75000C8AC0A /* HomeVC + TableView.swift in Sources */,
				7C5DB8762C60F5AD00AEAFFC /* ChangePasswordViewModel.swift in Sources */,
				7C5DB8812C6111C200AEAFFC /* UserDefaultsManager.swift in Sources */,
				7C5D7E552C592B3300D60725 /* AppDelegate.swift in Sources */,
				9C38C8732C5FF58F00C8AC0A /* AccountRouting.swift in Sources */,
				7C56CD062C5A1EEA00C29FFD /* RoundedImage.swift in Sources */,
				7C5E4D122C5F69D5002433B9 /* GetCountriesAPIManager.swift in Sources */,
				7C5E3B222C5E25C700677A06 /* DisplayErrorMessageProtocol.swift in Sources */,
				7C561AE22C5A742900DEAC2E /* ConnectingProgressVC.swift in Sources */,
				9CC7068E2C5E6319007F0E6A /* TapBarVC.swift in Sources */,
				9C38C8792C6031C100C8AC0A /* TransferVC + Dismiss Keyboard.swift in Sources */,
				7C5C3BF12C5AC5B400BDD86A /* SettingsTVC.swift in Sources */,
				9C38C8772C5FF8F800C8AC0A /* TransferVC + UITextfilled.swift in Sources */,
				9CC7068A2C5E6309007F0E6A /* CircularView.swift in Sources */,
				7C59BF3F2C5963FE00AA97E9 /* CustomTextField.swift in Sources */,
				7C5E4D1D2C5F878F002433B9 /* SelectCurrencyViewModel.swift in Sources */,
				9CC706662C5E623B007F0E6A /* TransferVC.swift in Sources */,
				7C88C3CB2C5CFA4000BE6622 /* ValidateUserData.swift in Sources */,
				7C595BB72C60EEF100193843 /* ChangePasswordVC.swift in Sources */,
				7C17B7B02C5E77AF0066892C /* MyCardsVC.swift in Sources */,
				7C5C3BFE2C5ACE5100BDD86A /* ProfileConstData.swift in Sources */,
				7C88C3BB2C5CDFE400BE6622 /* SuccessConnect.swift in Sources */,
				7C5E4D162C5F6DA9002433B9 /* CountriesViewModel.swift in Sources */,
				7C88C3C82C5CFA2F00BE6622 /* UIView+Loader.swift in Sources */,
				9C38C87F2C6038CB00C8AC0A /* TransactionVC + TableView.swift in Sources */,
				9CC706822C5E62A2007F0E6A /* TransactionCellModel.swift in Sources */,
				9C38C8922C605AC900C8AC0A /* TransferSelectCurruncyVC.swift in Sources */,
				7C60E72C2C5A4209009E06C6 /* AuthenticationRouting.swift in Sources */,
				7C595BB22C60BD3900193843 /* GetProfileInfoAPIManager.swift in Sources */,
				7C5C3C002C5AD5CC00BDD86A /* CellsNames.swift in Sources */,
				7C5DFC102C5A5FE300C25AED /* AddCardRouting.swift in Sources */,
				9C38C88C2C6050EE00C8AC0A /* HomeModel.swift in Sources */,
				9CC7066F2C5E6243007F0E6A /* TransactionVC.swift in Sources */,
				9CC7069A2C5E6343007F0E6A /* LastTransactionTableViewCell.swift in Sources */,
				7C5DB8782C60FE4600AEAFFC /* EditProfileAPIManager.swift in Sources */,
				7C60E7272C5A3F15009E06C6 /* CountryViewCell.swift in Sources */,
				7C88C3B62C5CC93900BE6622 /* NotificationCell.swift in Sources */,
				7C5E4D1A2C5F84D9002433B9 /* GetCurrenciesAPIManager.swift in Sources */,
				7C5C3C032C5ADE5300BDD86A /* ProfileInfoCell.swift in Sources */,
				9CC7068B2C5E6309007F0E6A /* RoundedCornerView.swift in Sources */,
				9C38C8642C5EF42600C8AC0A /* TransferConfirmationVC.swift in Sources */,
				9CC7068C2C5E6309007F0E6A /* StepView.swift in Sources */,
			);
			runOnlyForDeploymentPostprocessing = 0;
		};
/* End PBXSourcesBuildPhase section */

/* Begin PBXVariantGroup section */
		7C5D7E5F2C592B3400D60725 /* LaunchScreen.storyboard */ = {
			isa = PBXVariantGroup;
			children = (
				7C5D7E602C592B3400D60725 /* Base */,
			);
			name = LaunchScreen.storyboard;
			sourceTree = "<group>";
		};
/* End PBXVariantGroup section */

/* Begin XCBuildConfiguration section */
		7C5D7E632C592B3400D60725 /* Debug */ = {
			isa = XCBuildConfiguration;
			buildSettings = {
				ALWAYS_SEARCH_USER_PATHS = NO;
				CLANG_ANALYZER_NONNULL = YES;
				CLANG_ANALYZER_NUMBER_OBJECT_CONVERSION = YES_AGGRESSIVE;
				CLANG_CXX_LANGUAGE_STANDARD = "gnu++17";
				CLANG_CXX_LIBRARY = "libc++";
				CLANG_ENABLE_MODULES = YES;
				CLANG_ENABLE_OBJC_ARC = YES;
				CLANG_ENABLE_OBJC_WEAK = YES;
				CLANG_WARN_BLOCK_CAPTURE_AUTORELEASING = YES;
				CLANG_WARN_BOOL_CONVERSION = YES;
				CLANG_WARN_COMMA = YES;
				CLANG_WARN_CONSTANT_CONVERSION = YES;
				CLANG_WARN_DEPRECATED_OBJC_IMPLEMENTATIONS = YES;
				CLANG_WARN_DIRECT_OBJC_ISA_USAGE = YES_ERROR;
				CLANG_WARN_DOCUMENTATION_COMMENTS = YES;
				CLANG_WARN_EMPTY_BODY = YES;
				CLANG_WARN_ENUM_CONVERSION = YES;
				CLANG_WARN_INFINITE_RECURSION = YES;
				CLANG_WARN_INT_CONVERSION = YES;
				CLANG_WARN_NON_LITERAL_NULL_CONVERSION = YES;
				CLANG_WARN_OBJC_IMPLICIT_RETAIN_SELF = YES;
				CLANG_WARN_OBJC_LITERAL_CONVERSION = YES;
				CLANG_WARN_OBJC_ROOT_CLASS = YES_ERROR;
				CLANG_WARN_QUOTED_INCLUDE_IN_FRAMEWORK_HEADER = YES;
				CLANG_WARN_RANGE_LOOP_ANALYSIS = YES;
				CLANG_WARN_STRICT_PROTOTYPES = YES;
				CLANG_WARN_SUSPICIOUS_MOVE = YES;
				CLANG_WARN_UNGUARDED_AVAILABILITY = YES_AGGRESSIVE;
				CLANG_WARN_UNREACHABLE_CODE = YES;
				CLANG_WARN__DUPLICATE_METHOD_MATCH = YES;
				COPY_PHASE_STRIP = NO;
				DEBUG_INFORMATION_FORMAT = dwarf;
				ENABLE_STRICT_OBJC_MSGSEND = YES;
				ENABLE_TESTABILITY = YES;
				GCC_C_LANGUAGE_STANDARD = gnu11;
				GCC_DYNAMIC_NO_PIC = NO;
				GCC_NO_COMMON_BLOCKS = YES;
				GCC_OPTIMIZATION_LEVEL = 0;
				GCC_PREPROCESSOR_DEFINITIONS = (
					"DEBUG=1",
					"$(inherited)",
				);
				GCC_WARN_64_TO_32_BIT_CONVERSION = YES;
				GCC_WARN_ABOUT_RETURN_TYPE = YES_ERROR;
				GCC_WARN_UNDECLARED_SELECTOR = YES;
				GCC_WARN_UNINITIALIZED_AUTOS = YES_AGGRESSIVE;
				GCC_WARN_UNUSED_FUNCTION = YES;
				GCC_WARN_UNUSED_VARIABLE = YES;
				IPHONEOS_DEPLOYMENT_TARGET = 15.0;
				MTL_ENABLE_DEBUG_INFO = INCLUDE_SOURCE;
				MTL_FAST_MATH = YES;
				ONLY_ACTIVE_ARCH = YES;
				SDKROOT = iphoneos;
				SWIFT_ACTIVE_COMPILATION_CONDITIONS = DEBUG;
				SWIFT_OPTIMIZATION_LEVEL = "-Onone";
			};
			name = Debug;
		};
		7C5D7E642C592B3400D60725 /* Release */ = {
			isa = XCBuildConfiguration;
			buildSettings = {
				ALWAYS_SEARCH_USER_PATHS = NO;
				CLANG_ANALYZER_NONNULL = YES;
				CLANG_ANALYZER_NUMBER_OBJECT_CONVERSION = YES_AGGRESSIVE;
				CLANG_CXX_LANGUAGE_STANDARD = "gnu++17";
				CLANG_CXX_LIBRARY = "libc++";
				CLANG_ENABLE_MODULES = YES;
				CLANG_ENABLE_OBJC_ARC = YES;
				CLANG_ENABLE_OBJC_WEAK = YES;
				CLANG_WARN_BLOCK_CAPTURE_AUTORELEASING = YES;
				CLANG_WARN_BOOL_CONVERSION = YES;
				CLANG_WARN_COMMA = YES;
				CLANG_WARN_CONSTANT_CONVERSION = YES;
				CLANG_WARN_DEPRECATED_OBJC_IMPLEMENTATIONS = YES;
				CLANG_WARN_DIRECT_OBJC_ISA_USAGE = YES_ERROR;
				CLANG_WARN_DOCUMENTATION_COMMENTS = YES;
				CLANG_WARN_EMPTY_BODY = YES;
				CLANG_WARN_ENUM_CONVERSION = YES;
				CLANG_WARN_INFINITE_RECURSION = YES;
				CLANG_WARN_INT_CONVERSION = YES;
				CLANG_WARN_NON_LITERAL_NULL_CONVERSION = YES;
				CLANG_WARN_OBJC_IMPLICIT_RETAIN_SELF = YES;
				CLANG_WARN_OBJC_LITERAL_CONVERSION = YES;
				CLANG_WARN_OBJC_ROOT_CLASS = YES_ERROR;
				CLANG_WARN_QUOTED_INCLUDE_IN_FRAMEWORK_HEADER = YES;
				CLANG_WARN_RANGE_LOOP_ANALYSIS = YES;
				CLANG_WARN_STRICT_PROTOTYPES = YES;
				CLANG_WARN_SUSPICIOUS_MOVE = YES;
				CLANG_WARN_UNGUARDED_AVAILABILITY = YES_AGGRESSIVE;
				CLANG_WARN_UNREACHABLE_CODE = YES;
				CLANG_WARN__DUPLICATE_METHOD_MATCH = YES;
				COPY_PHASE_STRIP = NO;
				DEBUG_INFORMATION_FORMAT = "dwarf-with-dsym";
				ENABLE_NS_ASSERTIONS = NO;
				ENABLE_STRICT_OBJC_MSGSEND = YES;
				GCC_C_LANGUAGE_STANDARD = gnu11;
				GCC_NO_COMMON_BLOCKS = YES;
				GCC_WARN_64_TO_32_BIT_CONVERSION = YES;
				GCC_WARN_ABOUT_RETURN_TYPE = YES_ERROR;
				GCC_WARN_UNDECLARED_SELECTOR = YES;
				GCC_WARN_UNINITIALIZED_AUTOS = YES_AGGRESSIVE;
				GCC_WARN_UNUSED_FUNCTION = YES;
				GCC_WARN_UNUSED_VARIABLE = YES;
				IPHONEOS_DEPLOYMENT_TARGET = 15.0;
				MTL_ENABLE_DEBUG_INFO = NO;
				MTL_FAST_MATH = YES;
				SDKROOT = iphoneos;
				SWIFT_COMPILATION_MODE = wholemodule;
				SWIFT_OPTIMIZATION_LEVEL = "-O";
				VALIDATE_PRODUCT = YES;
			};
			name = Release;
		};
		7C5D7E662C592B3400D60725 /* Debug */ = {
			isa = XCBuildConfiguration;
			baseConfigurationReference = 8F1D8EAD26E64F381BD4DD5A /* Pods-GraduationProject.debug.xcconfig */;
			buildSettings = {
				ASSETCATALOG_COMPILER_APPICON_NAME = AppIcon;
				ASSETCATALOG_COMPILER_GLOBAL_ACCENT_COLOR_NAME = AccentColor;
				CODE_SIGN_STYLE = Automatic;
				CURRENT_PROJECT_VERSION = 1;
				DEVELOPMENT_TEAM = QG7YCNBFP8;
				GENERATE_INFOPLIST_FILE = YES;
				INFOPLIST_FILE = GraduationProject/Resources/Info.plist;
				INFOPLIST_KEY_UIApplicationSupportsIndirectInputEvents = YES;
				INFOPLIST_KEY_UILaunchStoryboardName = LaunchScreen;
				INFOPLIST_KEY_UISupportedInterfaceOrientations_iPad = "UIInterfaceOrientationPortrait UIInterfaceOrientationPortraitUpsideDown UIInterfaceOrientationLandscapeLeft UIInterfaceOrientationLandscapeRight";
				INFOPLIST_KEY_UISupportedInterfaceOrientations_iPhone = "UIInterfaceOrientationPortrait UIInterfaceOrientationLandscapeLeft UIInterfaceOrientationLandscapeRight";
				LD_RUNPATH_SEARCH_PATHS = (
					"$(inherited)",
					"@executable_path/Frameworks",
				);
				MARKETING_VERSION = 1.0;
				PRODUCT_BUNDLE_IDENTIFIER = com.test.GraduationProject;
				PRODUCT_NAME = "$(TARGET_NAME)";
				SWIFT_EMIT_LOC_STRINGS = YES;
				SWIFT_VERSION = 5.0;
				TARGETED_DEVICE_FAMILY = "1,2";
			};
			name = Debug;
		};
		7C5D7E672C592B3400D60725 /* Release */ = {
			isa = XCBuildConfiguration;
			baseConfigurationReference = 2EF063EC907CEBAFA6D7EC25 /* Pods-GraduationProject.release.xcconfig */;
			buildSettings = {
				ASSETCATALOG_COMPILER_APPICON_NAME = AppIcon;
				ASSETCATALOG_COMPILER_GLOBAL_ACCENT_COLOR_NAME = AccentColor;
				CODE_SIGN_STYLE = Automatic;
				CURRENT_PROJECT_VERSION = 1;
				DEVELOPMENT_TEAM = QG7YCNBFP8;
				GENERATE_INFOPLIST_FILE = YES;
				INFOPLIST_FILE = GraduationProject/Resources/Info.plist;
				INFOPLIST_KEY_UIApplicationSupportsIndirectInputEvents = YES;
				INFOPLIST_KEY_UILaunchStoryboardName = LaunchScreen;
				INFOPLIST_KEY_UISupportedInterfaceOrientations_iPad = "UIInterfaceOrientationPortrait UIInterfaceOrientationPortraitUpsideDown UIInterfaceOrientationLandscapeLeft UIInterfaceOrientationLandscapeRight";
				INFOPLIST_KEY_UISupportedInterfaceOrientations_iPhone = "UIInterfaceOrientationPortrait UIInterfaceOrientationLandscapeLeft UIInterfaceOrientationLandscapeRight";
				LD_RUNPATH_SEARCH_PATHS = (
					"$(inherited)",
					"@executable_path/Frameworks",
				);
				MARKETING_VERSION = 1.0;
				PRODUCT_BUNDLE_IDENTIFIER = com.test.GraduationProject;
				PRODUCT_NAME = "$(TARGET_NAME)";
				SWIFT_EMIT_LOC_STRINGS = YES;
				SWIFT_VERSION = 5.0;
				TARGETED_DEVICE_FAMILY = "1,2";
			};
			name = Release;
		};
/* End XCBuildConfiguration section */

/* Begin XCConfigurationList section */
		7C5D7E4C2C592B3200D60725 /* Build configuration list for PBXProject "GraduationProject" */ = {
			isa = XCConfigurationList;
			buildConfigurations = (
				7C5D7E632C592B3400D60725 /* Debug */,
				7C5D7E642C592B3400D60725 /* Release */,
			);
			defaultConfigurationIsVisible = 0;
			defaultConfigurationName = Release;
		};
		7C5D7E652C592B3400D60725 /* Build configuration list for PBXNativeTarget "GraduationProject" */ = {
			isa = XCConfigurationList;
			buildConfigurations = (
				7C5D7E662C592B3400D60725 /* Debug */,
				7C5D7E672C592B3400D60725 /* Release */,
			);
			defaultConfigurationIsVisible = 0;
			defaultConfigurationName = Release;
		};
/* End XCConfigurationList section */
	};
	rootObject = 7C5D7E492C592B3200D60725 /* Project object */;
}
