// !$*UTF8*$!
{
	archiveVersion = 1;
	classes = {
	};
	objectVersion = 55;
	objects = {

/* Begin PBXBuildFile section */
		7099C16AA95FDAB6654ABAD8 /* Pods_GraduationProject.framework in Frameworks */ = {isa = PBXBuildFile; fileRef = C319482BBD425217D0084764 /* Pods_GraduationProject.framework */; };
		7C555BD32C59835500BDCAC2 /* CustomButton.swift in Sources */ = {isa = PBXBuildFile; fileRef = 7C555BD22C59835500BDCAC2 /* CustomButton.swift */; };
		7C555BD62C5994CF00BDCAC2 /* SignUpVC.swift in Sources */ = {isa = PBXBuildFile; fileRef = 7C555BD42C5994CF00BDCAC2 /* SignUpVC.swift */; };
		7C555BD72C5994CF00BDCAC2 /* SignUpVC.xib in Resources */ = {isa = PBXBuildFile; fileRef = 7C555BD52C5994CF00BDCAC2 /* SignUpVC.xib */; };
		7C555BDA2C59971300BDCAC2 /* SignUpUserDataEntryVC.swift in Sources */ = {isa = PBXBuildFile; fileRef = 7C555BD82C59971300BDCAC2 /* SignUpUserDataEntryVC.swift */; };
		7C555BDB2C59971300BDCAC2 /* SignUpUserDataEntryVC.xib in Resources */ = {isa = PBXBuildFile; fileRef = 7C555BD92C59971300BDCAC2 /* SignUpUserDataEntryVC.xib */; };
		7C561AE22C5A742900DEAC2E /* ConnectingProgressVC.swift in Sources */ = {isa = PBXBuildFile; fileRef = 7C561AE02C5A742900DEAC2E /* ConnectingProgressVC.swift */; };
		7C561AE32C5A742900DEAC2E /* ConnectingProgressVC.xib in Resources */ = {isa = PBXBuildFile; fileRef = 7C561AE12C5A742900DEAC2E /* ConnectingProgressVC.xib */; };
		7C561AE52C5A745C00DEAC2E /* CircularProgressView.swift in Sources */ = {isa = PBXBuildFile; fileRef = 7C561AE42C5A745C00DEAC2E /* CircularProgressView.swift */; };
		7C561AE92C5A8ABF00DEAC2E /* BankCardOTP.swift in Sources */ = {isa = PBXBuildFile; fileRef = 7C561AE72C5A8ABF00DEAC2E /* BankCardOTP.swift */; };
		7C561AEA2C5A8ABF00DEAC2E /* BankCardOTP.xib in Resources */ = {isa = PBXBuildFile; fileRef = 7C561AE82C5A8ABF00DEAC2E /* BankCardOTP.xib */; };
		7C561AEE2C5A9FFE00DEAC2E /* SettingsVC.swift in Sources */ = {isa = PBXBuildFile; fileRef = 7C561AEC2C5A9FFE00DEAC2E /* SettingsVC.swift */; };
		7C561AEF2C5A9FFE00DEAC2E /* SettingsVC.xib in Resources */ = {isa = PBXBuildFile; fileRef = 7C561AED2C5A9FFE00DEAC2E /* SettingsVC.xib */; };
		7C561AF42C5AA08B00DEAC2E /* ChangeSettingVC.swift in Sources */ = {isa = PBXBuildFile; fileRef = 7C561AF22C5AA08B00DEAC2E /* ChangeSettingVC.swift */; };
		7C561AF52C5AA08B00DEAC2E /* ChangeSettingVC.xib in Resources */ = {isa = PBXBuildFile; fileRef = 7C561AF32C5AA08B00DEAC2E /* ChangeSettingVC.xib */; };
		7C56CCFE2C5A1D7100C29FFD /* CountriesTVC.swift in Sources */ = {isa = PBXBuildFile; fileRef = 7C56CCFC2C5A1D7100C29FFD /* CountriesTVC.swift */; };
		7C56CCFF2C5A1D7100C29FFD /* CountriesTVC.xib in Resources */ = {isa = PBXBuildFile; fileRef = 7C56CCFD2C5A1D7100C29FFD /* CountriesTVC.xib */; };
		7C56CD062C5A1EEA00C29FFD /* RoundedImage.swift in Sources */ = {isa = PBXBuildFile; fileRef = 7C56CD052C5A1EEA00C29FFD /* RoundedImage.swift */; };
		7C59BF3A2C595E7300AA97E9 /* UIColor+Hex.swift in Sources */ = {isa = PBXBuildFile; fileRef = 7C59BF392C595E7300AA97E9 /* UIColor+Hex.swift */; };
		7C59BF3C2C595FEA00AA97E9 /* UIView+HexColor.swift in Sources */ = {isa = PBXBuildFile; fileRef = 7C59BF3B2C595FEA00AA97E9 /* UIView+HexColor.swift */; };
		7C59BF3F2C5963FE00AA97E9 /* CustomTextField.swift in Sources */ = {isa = PBXBuildFile; fileRef = 7C59BF3E2C5963FD00AA97E9 /* CustomTextField.swift */; };
		7C5D7E552C592B3300D60725 /* AppDelegate.swift in Sources */ = {isa = PBXBuildFile; fileRef = 7C5D7E542C592B3300D60725 /* AppDelegate.swift */; };
		7C5D7E5E2C592B3400D60725 /* Assets.xcassets in Resources */ = {isa = PBXBuildFile; fileRef = 7C5D7E5D2C592B3400D60725 /* Assets.xcassets */; };
		7C5D7E612C592B3400D60725 /* LaunchScreen.storyboard in Resources */ = {isa = PBXBuildFile; fileRef = 7C5D7E5F2C592B3400D60725 /* LaunchScreen.storyboard */; };
		7C5D7E6E2C592F9E00D60725 /* SignInVC.swift in Sources */ = {isa = PBXBuildFile; fileRef = 7C5D7E6C2C592F9E00D60725 /* SignInVC.swift */; };
		7C5D7E6F2C592F9E00D60725 /* SignInVC.xib in Resources */ = {isa = PBXBuildFile; fileRef = 7C5D7E6D2C592F9E00D60725 /* SignInVC.xib */; };
		7C5DFC092C5A572100C25AED /* SelectCurrencyVC.swift in Sources */ = {isa = PBXBuildFile; fileRef = 7C5DFC072C5A572100C25AED /* SelectCurrencyVC.swift */; };
		7C5DFC0A2C5A572100C25AED /* SelectCurrencyVC.xib in Resources */ = {isa = PBXBuildFile; fileRef = 7C5DFC082C5A572100C25AED /* SelectCurrencyVC.xib */; };
		7C5DFC102C5A5FE300C25AED /* AddCardRouting.swift in Sources */ = {isa = PBXBuildFile; fileRef = 7C5DFC0F2C5A5FE300C25AED /* AddCardRouting.swift */; };
		7C5DFC162C5A641900C25AED /* AddNewCardVC.swift in Sources */ = {isa = PBXBuildFile; fileRef = 7C5DFC142C5A641900C25AED /* AddNewCardVC.swift */; };
		7C5DFC172C5A641900C25AED /* AddNewCardVC.xib in Resources */ = {isa = PBXBuildFile; fileRef = 7C5DFC152C5A641900C25AED /* AddNewCardVC.xib */; };
		7C60E7272C5A3F15009E06C6 /* CountryViewCell.swift in Sources */ = {isa = PBXBuildFile; fileRef = 7C60E7252C5A3F15009E06C6 /* CountryViewCell.swift */; };
		7C60E7282C5A3F15009E06C6 /* CountryViewCell.xib in Resources */ = {isa = PBXBuildFile; fileRef = 7C60E7262C5A3F15009E06C6 /* CountryViewCell.xib */; };
		7C60E72C2C5A4209009E06C6 /* AuthenticationRouting.swift in Sources */ = {isa = PBXBuildFile; fileRef = 7C60E72B2C5A4209009E06C6 /* AuthenticationRouting.swift */; };
/* End PBXBuildFile section */

/* Begin PBXFileReference section */
		2EF063EC907CEBAFA6D7EC25 /* Pods-GraduationProject.release.xcconfig */ = {isa = PBXFileReference; includeInIndex = 1; lastKnownFileType = text.xcconfig; name = "Pods-GraduationProject.release.xcconfig"; path = "Target Support Files/Pods-GraduationProject/Pods-GraduationProject.release.xcconfig"; sourceTree = "<group>"; };
		7C555BD22C59835500BDCAC2 /* CustomButton.swift */ = {isa = PBXFileReference; lastKnownFileType = sourcecode.swift; path = CustomButton.swift; sourceTree = "<group>"; };
		7C555BD42C5994CF00BDCAC2 /* SignUpVC.swift */ = {isa = PBXFileReference; lastKnownFileType = sourcecode.swift; path = SignUpVC.swift; sourceTree = "<group>"; };
		7C555BD52C5994CF00BDCAC2 /* SignUpVC.xib */ = {isa = PBXFileReference; lastKnownFileType = file.xib; path = SignUpVC.xib; sourceTree = "<group>"; };
		7C555BD82C59971300BDCAC2 /* SignUpUserDataEntryVC.swift */ = {isa = PBXFileReference; lastKnownFileType = sourcecode.swift; path = SignUpUserDataEntryVC.swift; sourceTree = "<group>"; };
		7C555BD92C59971300BDCAC2 /* SignUpUserDataEntryVC.xib */ = {isa = PBXFileReference; lastKnownFileType = file.xib; path = SignUpUserDataEntryVC.xib; sourceTree = "<group>"; };
		7C561AE02C5A742900DEAC2E /* ConnectingProgressVC.swift */ = {isa = PBXFileReference; lastKnownFileType = sourcecode.swift; path = ConnectingProgressVC.swift; sourceTree = "<group>"; };
		7C561AE12C5A742900DEAC2E /* ConnectingProgressVC.xib */ = {isa = PBXFileReference; lastKnownFileType = file.xib; path = ConnectingProgressVC.xib; sourceTree = "<group>"; };
		7C561AE42C5A745C00DEAC2E /* CircularProgressView.swift */ = {isa = PBXFileReference; lastKnownFileType = sourcecode.swift; path = CircularProgressView.swift; sourceTree = "<group>"; };
		7C561AE72C5A8ABF00DEAC2E /* BankCardOTP.swift */ = {isa = PBXFileReference; lastKnownFileType = sourcecode.swift; path = BankCardOTP.swift; sourceTree = "<group>"; };
		7C561AE82C5A8ABF00DEAC2E /* BankCardOTP.xib */ = {isa = PBXFileReference; lastKnownFileType = file.xib; path = BankCardOTP.xib; sourceTree = "<group>"; };
		7C561AEC2C5A9FFE00DEAC2E /* SettingsVC.swift */ = {isa = PBXFileReference; lastKnownFileType = sourcecode.swift; path = SettingsVC.swift; sourceTree = "<group>"; };
		7C561AED2C5A9FFE00DEAC2E /* SettingsVC.xib */ = {isa = PBXFileReference; lastKnownFileType = file.xib; path = SettingsVC.xib; sourceTree = "<group>"; };
		7C561AF22C5AA08B00DEAC2E /* ChangeSettingVC.swift */ = {isa = PBXFileReference; lastKnownFileType = sourcecode.swift; path = ChangeSettingVC.swift; sourceTree = "<group>"; };
		7C561AF32C5AA08B00DEAC2E /* ChangeSettingVC.xib */ = {isa = PBXFileReference; lastKnownFileType = file.xib; path = ChangeSettingVC.xib; sourceTree = "<group>"; };
		7C56CCFC2C5A1D7100C29FFD /* CountriesTVC.swift */ = {isa = PBXFileReference; lastKnownFileType = sourcecode.swift; path = CountriesTVC.swift; sourceTree = "<group>"; };
		7C56CCFD2C5A1D7100C29FFD /* CountriesTVC.xib */ = {isa = PBXFileReference; lastKnownFileType = file.xib; path = CountriesTVC.xib; sourceTree = "<group>"; };
		7C56CD052C5A1EEA00C29FFD /* RoundedImage.swift */ = {isa = PBXFileReference; lastKnownFileType = sourcecode.swift; path = RoundedImage.swift; sourceTree = "<group>"; };
		7C59BF392C595E7300AA97E9 /* UIColor+Hex.swift */ = {isa = PBXFileReference; lastKnownFileType = sourcecode.swift; path = "UIColor+Hex.swift"; sourceTree = "<group>"; };
		7C59BF3B2C595FEA00AA97E9 /* UIView+HexColor.swift */ = {isa = PBXFileReference; lastKnownFileType = sourcecode.swift; path = "UIView+HexColor.swift"; sourceTree = "<group>"; };
		7C59BF3E2C5963FD00AA97E9 /* CustomTextField.swift */ = {isa = PBXFileReference; lastKnownFileType = sourcecode.swift; path = CustomTextField.swift; sourceTree = "<group>"; };
		7C5D7E512C592B3300D60725 /* GraduationProject.app */ = {isa = PBXFileReference; explicitFileType = wrapper.application; includeInIndex = 0; path = GraduationProject.app; sourceTree = BUILT_PRODUCTS_DIR; };
		7C5D7E542C592B3300D60725 /* AppDelegate.swift */ = {isa = PBXFileReference; lastKnownFileType = sourcecode.swift; path = AppDelegate.swift; sourceTree = "<group>"; };
		7C5D7E5D2C592B3400D60725 /* Assets.xcassets */ = {isa = PBXFileReference; lastKnownFileType = folder.assetcatalog; path = Assets.xcassets; sourceTree = "<group>"; };
		7C5D7E602C592B3400D60725 /* Base */ = {isa = PBXFileReference; lastKnownFileType = file.storyboard; name = Base; path = Base.lproj/LaunchScreen.storyboard; sourceTree = "<group>"; };
		7C5D7E622C592B3400D60725 /* Info.plist */ = {isa = PBXFileReference; lastKnownFileType = text.plist.xml; path = Info.plist; sourceTree = "<group>"; };
		7C5D7E6C2C592F9E00D60725 /* SignInVC.swift */ = {isa = PBXFileReference; lastKnownFileType = sourcecode.swift; path = SignInVC.swift; sourceTree = "<group>"; };
		7C5D7E6D2C592F9E00D60725 /* SignInVC.xib */ = {isa = PBXFileReference; lastKnownFileType = file.xib; path = SignInVC.xib; sourceTree = "<group>"; };
		7C5DFC072C5A572100C25AED /* SelectCurrencyVC.swift */ = {isa = PBXFileReference; lastKnownFileType = sourcecode.swift; path = SelectCurrencyVC.swift; sourceTree = "<group>"; };
		7C5DFC082C5A572100C25AED /* SelectCurrencyVC.xib */ = {isa = PBXFileReference; lastKnownFileType = file.xib; path = SelectCurrencyVC.xib; sourceTree = "<group>"; };
		7C5DFC0F2C5A5FE300C25AED /* AddCardRouting.swift */ = {isa = PBXFileReference; lastKnownFileType = sourcecode.swift; path = AddCardRouting.swift; sourceTree = "<group>"; };
		7C5DFC142C5A641900C25AED /* AddNewCardVC.swift */ = {isa = PBXFileReference; lastKnownFileType = sourcecode.swift; path = AddNewCardVC.swift; sourceTree = "<group>"; };
		7C5DFC152C5A641900C25AED /* AddNewCardVC.xib */ = {isa = PBXFileReference; lastKnownFileType = file.xib; path = AddNewCardVC.xib; sourceTree = "<group>"; };
		7C60E7252C5A3F15009E06C6 /* CountryViewCell.swift */ = {isa = PBXFileReference; fileEncoding = 4; lastKnownFileType = sourcecode.swift; path = CountryViewCell.swift; sourceTree = "<group>"; };
		7C60E7262C5A3F15009E06C6 /* CountryViewCell.xib */ = {isa = PBXFileReference; fileEncoding = 4; lastKnownFileType = file.xib; path = CountryViewCell.xib; sourceTree = "<group>"; };
		7C60E72B2C5A4209009E06C6 /* AuthenticationRouting.swift */ = {isa = PBXFileReference; lastKnownFileType = sourcecode.swift; path = AuthenticationRouting.swift; sourceTree = "<group>"; };
		8F1D8EAD26E64F381BD4DD5A /* Pods-GraduationProject.debug.xcconfig */ = {isa = PBXFileReference; includeInIndex = 1; lastKnownFileType = text.xcconfig; name = "Pods-GraduationProject.debug.xcconfig"; path = "Target Support Files/Pods-GraduationProject/Pods-GraduationProject.debug.xcconfig"; sourceTree = "<group>"; };
		C319482BBD425217D0084764 /* Pods_GraduationProject.framework */ = {isa = PBXFileReference; explicitFileType = wrapper.framework; includeInIndex = 0; path = Pods_GraduationProject.framework; sourceTree = BUILT_PRODUCTS_DIR; };
/* End PBXFileReference section */

/* Begin PBXFrameworksBuildPhase section */
		7C5D7E4E2C592B3300D60725 /* Frameworks */ = {
			isa = PBXFrameworksBuildPhase;
			buildActionMask = 2147483647;
			files = (
				7099C16AA95FDAB6654ABAD8 /* Pods_GraduationProject.framework in Frameworks */,
			);
			runOnlyForDeploymentPostprocessing = 0;
		};
/* End PBXFrameworksBuildPhase section */

/* Begin PBXGroup section */
		7C561ADF2C5A740400DEAC2E /* ConnectingProgrsss */ = {
			isa = PBXGroup;
			children = (
				7C561AE02C5A742900DEAC2E /* ConnectingProgressVC.swift */,
				7C561AE12C5A742900DEAC2E /* ConnectingProgressVC.xib */,
			);
			path = ConnectingProgrsss;
			sourceTree = "<group>";
		};
		7C561AE62C5A8A8C00DEAC2E /* BankCardOTP */ = {
			isa = PBXGroup;
			children = (
				7C561AE72C5A8ABF00DEAC2E /* BankCardOTP.swift */,
				7C561AE82C5A8ABF00DEAC2E /* BankCardOTP.xib */,
			);
			path = BankCardOTP;
			sourceTree = "<group>";
		};
		7C561AEB2C5A9FBE00DEAC2E /* Profile */ = {
			isa = PBXGroup;
			children = (
				7C561AF12C5AA06600DEAC2E /* ChangePassword */,
				7C561AF02C5AA00500DEAC2E /* Settings */,
			);
			path = Profile;
			sourceTree = "<group>";
		};
		7C561AF02C5AA00500DEAC2E /* Settings */ = {
			isa = PBXGroup;
			children = (
				7C561AEC2C5A9FFE00DEAC2E /* SettingsVC.swift */,
				7C561AED2C5A9FFE00DEAC2E /* SettingsVC.xib */,
			);
			path = Settings;
			sourceTree = "<group>";
		};
		7C561AF12C5AA06600DEAC2E /* ChangePassword */ = {
			isa = PBXGroup;
			children = (
				7C561AF22C5AA08B00DEAC2E /* ChangeSettingVC.swift */,
				7C561AF32C5AA08B00DEAC2E /* ChangeSettingVC.xib */,
			);
			path = ChangePassword;
			sourceTree = "<group>";
		};
		7C56CD002C5A1D7B00C29FFD /* Views */ = {
			isa = PBXGroup;
			children = (
				7C60E7252C5A3F15009E06C6 /* CountryViewCell.swift */,
				7C60E7262C5A3F15009E06C6 /* CountryViewCell.xib */,
				7C561AE42C5A745C00DEAC2E /* CircularProgressView.swift */,
			);
			path = Views;
			sourceTree = "<group>";
		};
		7C59BF382C595E5900AA97E9 /* Extensions */ = {
			isa = PBXGroup;
			children = (
				7C59BF392C595E7300AA97E9 /* UIColor+Hex.swift */,
				7C59BF3B2C595FEA00AA97E9 /* UIView+HexColor.swift */,
			);
			path = Extensions;
			sourceTree = "<group>";
		};
		7C59BF3D2C5963B500AA97E9 /* SharedViews */ = {
			isa = PBXGroup;
			children = (
				7C59BF3E2C5963FD00AA97E9 /* CustomTextField.swift */,
				7C555BD22C59835500BDCAC2 /* CustomButton.swift */,
				7C56CD052C5A1EEA00C29FFD /* RoundedImage.swift */,
			);
			path = SharedViews;
			sourceTree = "<group>";
		};
		7C5D7E482C592B3200D60725 = {
			isa = PBXGroup;
			children = (
				7C5D7E532C592B3300D60725 /* GraduationProject */,
				7C5D7E522C592B3300D60725 /* Products */,
				80EE8F760CBB170F200BA624 /* Pods */,
				7E900848BFBBC2B9535E1931 /* Frameworks */,
			);
			sourceTree = "<group>";
		};
		7C5D7E522C592B3300D60725 /* Products */ = {
			isa = PBXGroup;
			children = (
				7C5D7E512C592B3300D60725 /* GraduationProject.app */,
			);
			name = Products;
			sourceTree = "<group>";
		};
		7C5D7E532C592B3300D60725 /* GraduationProject */ = {
			isa = PBXGroup;
			children = (
				7C5DFC122C5A611700C25AED /* Screens */,
				7C60E72A2C5A41F1009E06C6 /* Routing */,
				7C60E7292C5A3FCB009E06C6 /* StoryBoard */,
				7C56CD002C5A1D7B00C29FFD /* Views */,
				7C59BF3D2C5963B500AA97E9 /* SharedViews */,
				7C59BF382C595E5900AA97E9 /* Extensions */,
				7C5D7E6B2C592F2700D60725 /* Resources */,
			);
			path = GraduationProject;
			sourceTree = "<group>";
		};
		7C5D7E682C592EFD00D60725 /* Authentication */ = {
			isa = PBXGroup;
			children = (
				7C5D7E6A2C592F1B00D60725 /* SignIn */,
				7C5D7E692C592F0F00D60725 /* SignUp */,
			);
			path = Authentication;
			sourceTree = "<group>";
		};
		7C5D7E692C592F0F00D60725 /* SignUp */ = {
			isa = PBXGroup;
			children = (
				7C5DFC0D2C5A5A1C00C25AED /* CompleteUserData */,
				7C5DFC0C2C5A59AF00C25AED /* SignUp */,
				7C5DFC0B2C5A599200C25AED /* CountrySelect */,
			);
			path = SignUp;
			sourceTree = "<group>";
		};
		7C5D7E6A2C592F1B00D60725 /* SignIn */ = {
			isa = PBXGroup;
			children = (
				7C5D7E6C2C592F9E00D60725 /* SignInVC.swift */,
				7C5D7E6D2C592F9E00D60725 /* SignInVC.xib */,
			);
			path = SignIn;
			sourceTree = "<group>";
		};
		7C5D7E6B2C592F2700D60725 /* Resources */ = {
			isa = PBXGroup;
			children = (
				7C5D7E5D2C592B3400D60725 /* Assets.xcassets */,
				7C5D7E542C592B3300D60725 /* AppDelegate.swift */,
				7C5D7E622C592B3400D60725 /* Info.plist */,
			);
			path = Resources;
			sourceTree = "<group>";
		};
		7C5DFC062C5A4C9100C25AED /* AddCard */ = {
			isa = PBXGroup;
			children = (
				7C561AE62C5A8A8C00DEAC2E /* BankCardOTP */,
				7C561ADF2C5A740400DEAC2E /* ConnectingProgrsss */,
				7C5DFC132C5A63F400C25AED /* AddNewCard */,
				7C5DFC112C5A60E700C25AED /* SelectCurrency */,
			);
			path = AddCard;
			sourceTree = "<group>";
		};
		7C5DFC0B2C5A599200C25AED /* CountrySelect */ = {
			isa = PBXGroup;
			children = (
				7C56CCFC2C5A1D7100C29FFD /* CountriesTVC.swift */,
				7C56CCFD2C5A1D7100C29FFD /* CountriesTVC.xib */,
			);
			path = CountrySelect;
			sourceTree = "<group>";
		};
		7C5DFC0C2C5A59AF00C25AED /* SignUp */ = {
			isa = PBXGroup;
			children = (
				7C555BD42C5994CF00BDCAC2 /* SignUpVC.swift */,
				7C555BD52C5994CF00BDCAC2 /* SignUpVC.xib */,
			);
			path = SignUp;
			sourceTree = "<group>";
		};
		7C5DFC0D2C5A5A1C00C25AED /* CompleteUserData */ = {
			isa = PBXGroup;
			children = (
				7C555BD82C59971300BDCAC2 /* SignUpUserDataEntryVC.swift */,
				7C555BD92C59971300BDCAC2 /* SignUpUserDataEntryVC.xib */,
			);
			path = CompleteUserData;
			sourceTree = "<group>";
		};
		7C5DFC112C5A60E700C25AED /* SelectCurrency */ = {
			isa = PBXGroup;
			children = (
				7C5DFC072C5A572100C25AED /* SelectCurrencyVC.swift */,
				7C5DFC082C5A572100C25AED /* SelectCurrencyVC.xib */,
			);
			path = SelectCurrency;
			sourceTree = "<group>";
		};
		7C5DFC122C5A611700C25AED /* Screens */ = {
			isa = PBXGroup;
			children = (
				7C561AEB2C5A9FBE00DEAC2E /* Profile */,
				7C5DFC062C5A4C9100C25AED /* AddCard */,
				7C5D7E682C592EFD00D60725 /* Authentication */,
			);
			path = Screens;
			sourceTree = "<group>";
		};
		7C5DFC132C5A63F400C25AED /* AddNewCard */ = {
			isa = PBXGroup;
			children = (
				7C5DFC142C5A641900C25AED /* AddNewCardVC.swift */,
				7C5DFC152C5A641900C25AED /* AddNewCardVC.xib */,
			);
			path = AddNewCard;
			sourceTree = "<group>";
		};
		7C60E7292C5A3FCB009E06C6 /* StoryBoard */ = {
			isa = PBXGroup;
			children = (
				7C5D7E5F2C592B3400D60725 /* LaunchScreen.storyboard */,
			);
			path = StoryBoard;
			sourceTree = "<group>";
		};
		7C60E72A2C5A41F1009E06C6 /* Routing */ = {
			isa = PBXGroup;
			children = (
				7C60E72B2C5A4209009E06C6 /* AuthenticationRouting.swift */,
				7C5DFC0F2C5A5FE300C25AED /* AddCardRouting.swift */,
			);
			path = Routing;
			sourceTree = "<group>";
		};
		7E900848BFBBC2B9535E1931 /* Frameworks */ = {
			isa = PBXGroup;
			children = (
				C319482BBD425217D0084764 /* Pods_GraduationProject.framework */,
			);
			name = Frameworks;
			sourceTree = "<group>";
		};
		80EE8F760CBB170F200BA624 /* Pods */ = {
			isa = PBXGroup;
			children = (
				8F1D8EAD26E64F381BD4DD5A /* Pods-GraduationProject.debug.xcconfig */,
				2EF063EC907CEBAFA6D7EC25 /* Pods-GraduationProject.release.xcconfig */,
			);
			path = Pods;
			sourceTree = "<group>";
		};
/* End PBXGroup section */

/* Begin PBXNativeTarget section */
		7C5D7E502C592B3300D60725 /* GraduationProject */ = {
			isa = PBXNativeTarget;
			buildConfigurationList = 7C5D7E652C592B3400D60725 /* Build configuration list for PBXNativeTarget "GraduationProject" */;
			buildPhases = (
				51D55BB674C60D9CAF49C412 /* [CP] Check Pods Manifest.lock */,
				7C5D7E4D2C592B3300D60725 /* Sources */,
				7C5D7E4E2C592B3300D60725 /* Frameworks */,
				7C5D7E4F2C592B3300D60725 /* Resources */,
				18489AB21C2531869C76E277 /* [CP] Embed Pods Frameworks */,
			);
			buildRules = (
			);
			dependencies = (
			);
			name = GraduationProject;
			productName = GraduationProject;
			productReference = 7C5D7E512C592B3300D60725 /* GraduationProject.app */;
			productType = "com.apple.product-type.application";
		};
/* End PBXNativeTarget section */

/* Begin PBXProject section */
		7C5D7E492C592B3200D60725 /* Project object */ = {
			isa = PBXProject;
			attributes = {
				BuildIndependentTargetsInParallel = 1;
				LastSwiftUpdateCheck = 1310;
				LastUpgradeCheck = 1310;
				TargetAttributes = {
					7C5D7E502C592B3300D60725 = {
						CreatedOnToolsVersion = 13.1;
					};
				};
			};
			buildConfigurationList = 7C5D7E4C2C592B3200D60725 /* Build configuration list for PBXProject "GraduationProject" */;
			compatibilityVersion = "Xcode 13.0";
			developmentRegion = en;
			hasScannedForEncodings = 0;
			knownRegions = (
				en,
				Base,
			);
			mainGroup = 7C5D7E482C592B3200D60725;
			productRefGroup = 7C5D7E522C592B3300D60725 /* Products */;
			projectDirPath = "";
			projectRoot = "";
			targets = (
				7C5D7E502C592B3300D60725 /* GraduationProject */,
			);
		};
/* End PBXProject section */

/* Begin PBXResourcesBuildPhase section */
		7C5D7E4F2C592B3300D60725 /* Resources */ = {
			isa = PBXResourcesBuildPhase;
			buildActionMask = 2147483647;
			files = (
				7C56CCFF2C5A1D7100C29FFD /* CountriesTVC.xib in Resources */,
				7C5DFC0A2C5A572100C25AED /* SelectCurrencyVC.xib in Resources */,
				7C555BD72C5994CF00BDCAC2 /* SignUpVC.xib in Resources */,
				7C5D7E6F2C592F9E00D60725 /* SignInVC.xib in Resources */,
				7C60E7282C5A3F15009E06C6 /* CountryViewCell.xib in Resources */,
				7C561AE32C5A742900DEAC2E /* ConnectingProgressVC.xib in Resources */,
				7C561AEA2C5A8ABF00DEAC2E /* BankCardOTP.xib in Resources */,
				7C561AF52C5AA08B00DEAC2E /* ChangeSettingVC.xib in Resources */,
				7C5D7E612C592B3400D60725 /* LaunchScreen.storyboard in Resources */,
				7C5DFC172C5A641900C25AED /* AddNewCardVC.xib in Resources */,
				7C561AEF2C5A9FFE00DEAC2E /* SettingsVC.xib in Resources */,
				7C555BDB2C59971300BDCAC2 /* SignUpUserDataEntryVC.xib in Resources */,
				7C5D7E5E2C592B3400D60725 /* Assets.xcassets in Resources */,
			);
			runOnlyForDeploymentPostprocessing = 0;
		};
/* End PBXResourcesBuildPhase section */

/* Begin PBXShellScriptBuildPhase section */
		18489AB21C2531869C76E277 /* [CP] Embed Pods Frameworks */ = {
			isa = PBXShellScriptBuildPhase;
			buildActionMask = 2147483647;
			files = (
			);
			inputFileListPaths = (
				"${PODS_ROOT}/Target Support Files/Pods-GraduationProject/Pods-GraduationProject-frameworks-${CONFIGURATION}-input-files.xcfilelist",
			);
			name = "[CP] Embed Pods Frameworks";
			outputFileListPaths = (
				"${PODS_ROOT}/Target Support Files/Pods-GraduationProject/Pods-GraduationProject-frameworks-${CONFIGURATION}-output-files.xcfilelist",
			);
			runOnlyForDeploymentPostprocessing = 0;
			shellPath = /bin/sh;
			shellScript = "\"${PODS_ROOT}/Target Support Files/Pods-GraduationProject/Pods-GraduationProject-frameworks.sh\"\n";
			showEnvVarsInLog = 0;
		};
		51D55BB674C60D9CAF49C412 /* [CP] Check Pods Manifest.lock */ = {
			isa = PBXShellScriptBuildPhase;
			buildActionMask = 2147483647;
			files = (
			);
			inputFileListPaths = (
			);
			inputPaths = (
				"${PODS_PODFILE_DIR_PATH}/Podfile.lock",
				"${PODS_ROOT}/Manifest.lock",
			);
			name = "[CP] Check Pods Manifest.lock";
			outputFileListPaths = (
			);
			outputPaths = (
				"$(DERIVED_FILE_DIR)/Pods-GraduationProject-checkManifestLockResult.txt",
			);
			runOnlyForDeploymentPostprocessing = 0;
			shellPath = /bin/sh;
			shellScript = "diff \"${PODS_PODFILE_DIR_PATH}/Podfile.lock\" \"${PODS_ROOT}/Manifest.lock\" > /dev/null\nif [ $? != 0 ] ; then\n    # print error to STDERR\n    echo \"error: The sandbox is not in sync with the Podfile.lock. Run 'pod install' or update your CocoaPods installation.\" >&2\n    exit 1\nfi\n# This output is used by Xcode 'outputs' to avoid re-running this script phase.\necho \"SUCCESS\" > \"${SCRIPT_OUTPUT_FILE_0}\"\n";
			showEnvVarsInLog = 0;
		};
/* End PBXShellScriptBuildPhase section */

/* Begin PBXSourcesBuildPhase section */
		7C5D7E4D2C592B3300D60725 /* Sources */ = {
			isa = PBXSourcesBuildPhase;
			buildActionMask = 2147483647;
			files = (
				7C561AEE2C5A9FFE00DEAC2E /* SettingsVC.swift in Sources */,
				7C56CCFE2C5A1D7100C29FFD /* CountriesTVC.swift in Sources */,
				7C555BDA2C59971300BDCAC2 /* SignUpUserDataEntryVC.swift in Sources */,
				7C555BD62C5994CF00BDCAC2 /* SignUpVC.swift in Sources */,
				7C59BF3C2C595FEA00AA97E9 /* UIView+HexColor.swift in Sources */,
				7C59BF3A2C595E7300AA97E9 /* UIColor+Hex.swift in Sources */,
				7C5DFC092C5A572100C25AED /* SelectCurrencyVC.swift in Sources */,
				7C555BD32C59835500BDCAC2 /* CustomButton.swift in Sources */,
				7C561AE92C5A8ABF00DEAC2E /* BankCardOTP.swift in Sources */,
				7C561AE52C5A745C00DEAC2E /* CircularProgressView.swift in Sources */,
				7C5DFC162C5A641900C25AED /* AddNewCardVC.swift in Sources */,
				7C5D7E6E2C592F9E00D60725 /* SignInVC.swift in Sources */,
				7C5D7E552C592B3300D60725 /* AppDelegate.swift in Sources */,
				7C561AF42C5AA08B00DEAC2E /* ChangeSettingVC.swift in Sources */,
				7C56CD062C5A1EEA00C29FFD /* RoundedImage.swift in Sources */,
				7C561AE22C5A742900DEAC2E /* ConnectingProgressVC.swift in Sources */,
				7C59BF3F2C5963FE00AA97E9 /* CustomTextField.swift in Sources */,
				7C60E72C2C5A4209009E06C6 /* AuthenticationRouting.swift in Sources */,
				7C5DFC102C5A5FE300C25AED /* AddCardRouting.swift in Sources */,
				7C60E7272C5A3F15009E06C6 /* CountryViewCell.swift in Sources */,
			);
			runOnlyForDeploymentPostprocessing = 0;
		};
/* End PBXSourcesBuildPhase section */

/* Begin PBXVariantGroup section */
		7C5D7E5F2C592B3400D60725 /* LaunchScreen.storyboard */ = {
			isa = PBXVariantGroup;
			children = (
				7C5D7E602C592B3400D60725 /* Base */,
			);
			name = LaunchScreen.storyboard;
			sourceTree = "<group>";
		};
/* End PBXVariantGroup section */

/* Begin XCBuildConfiguration section */
		7C5D7E632C592B3400D60725 /* Debug */ = {
			isa = XCBuildConfiguration;
			buildSettings = {
				ALWAYS_SEARCH_USER_PATHS = NO;
				CLANG_ANALYZER_NONNULL = YES;
				CLANG_ANALYZER_NUMBER_OBJECT_CONVERSION = YES_AGGRESSIVE;
				CLANG_CXX_LANGUAGE_STANDARD = "gnu++17";
				CLANG_CXX_LIBRARY = "libc++";
				CLANG_ENABLE_MODULES = YES;
				CLANG_ENABLE_OBJC_ARC = YES;
				CLANG_ENABLE_OBJC_WEAK = YES;
				CLANG_WARN_BLOCK_CAPTURE_AUTORELEASING = YES;
				CLANG_WARN_BOOL_CONVERSION = YES;
				CLANG_WARN_COMMA = YES;
				CLANG_WARN_CONSTANT_CONVERSION = YES;
				CLANG_WARN_DEPRECATED_OBJC_IMPLEMENTATIONS = YES;
				CLANG_WARN_DIRECT_OBJC_ISA_USAGE = YES_ERROR;
				CLANG_WARN_DOCUMENTATION_COMMENTS = YES;
				CLANG_WARN_EMPTY_BODY = YES;
				CLANG_WARN_ENUM_CONVERSION = YES;
				CLANG_WARN_INFINITE_RECURSION = YES;
				CLANG_WARN_INT_CONVERSION = YES;
				CLANG_WARN_NON_LITERAL_NULL_CONVERSION = YES;
				CLANG_WARN_OBJC_IMPLICIT_RETAIN_SELF = YES;
				CLANG_WARN_OBJC_LITERAL_CONVERSION = YES;
				CLANG_WARN_OBJC_ROOT_CLASS = YES_ERROR;
				CLANG_WARN_QUOTED_INCLUDE_IN_FRAMEWORK_HEADER = YES;
				CLANG_WARN_RANGE_LOOP_ANALYSIS = YES;
				CLANG_WARN_STRICT_PROTOTYPES = YES;
				CLANG_WARN_SUSPICIOUS_MOVE = YES;
				CLANG_WARN_UNGUARDED_AVAILABILITY = YES_AGGRESSIVE;
				CLANG_WARN_UNREACHABLE_CODE = YES;
				CLANG_WARN__DUPLICATE_METHOD_MATCH = YES;
				COPY_PHASE_STRIP = NO;
				DEBUG_INFORMATION_FORMAT = dwarf;
				ENABLE_STRICT_OBJC_MSGSEND = YES;
				ENABLE_TESTABILITY = YES;
				GCC_C_LANGUAGE_STANDARD = gnu11;
				GCC_DYNAMIC_NO_PIC = NO;
				GCC_NO_COMMON_BLOCKS = YES;
				GCC_OPTIMIZATION_LEVEL = 0;
				GCC_PREPROCESSOR_DEFINITIONS = (
					"DEBUG=1",
					"$(inherited)",
				);
				GCC_WARN_64_TO_32_BIT_CONVERSION = YES;
				GCC_WARN_ABOUT_RETURN_TYPE = YES_ERROR;
				GCC_WARN_UNDECLARED_SELECTOR = YES;
				GCC_WARN_UNINITIALIZED_AUTOS = YES_AGGRESSIVE;
				GCC_WARN_UNUSED_FUNCTION = YES;
				GCC_WARN_UNUSED_VARIABLE = YES;
				IPHONEOS_DEPLOYMENT_TARGET = 15.0;
				MTL_ENABLE_DEBUG_INFO = INCLUDE_SOURCE;
				MTL_FAST_MATH = YES;
				ONLY_ACTIVE_ARCH = YES;
				SDKROOT = iphoneos;
				SWIFT_ACTIVE_COMPILATION_CONDITIONS = DEBUG;
				SWIFT_OPTIMIZATION_LEVEL = "-Onone";
			};
			name = Debug;
		};
		7C5D7E642C592B3400D60725 /* Release */ = {
			isa = XCBuildConfiguration;
			buildSettings = {
				ALWAYS_SEARCH_USER_PATHS = NO;
				CLANG_ANALYZER_NONNULL = YES;
				CLANG_ANALYZER_NUMBER_OBJECT_CONVERSION = YES_AGGRESSIVE;
				CLANG_CXX_LANGUAGE_STANDARD = "gnu++17";
				CLANG_CXX_LIBRARY = "libc++";
				CLANG_ENABLE_MODULES = YES;
				CLANG_ENABLE_OBJC_ARC = YES;
				CLANG_ENABLE_OBJC_WEAK = YES;
				CLANG_WARN_BLOCK_CAPTURE_AUTORELEASING = YES;
				CLANG_WARN_BOOL_CONVERSION = YES;
				CLANG_WARN_COMMA = YES;
				CLANG_WARN_CONSTANT_CONVERSION = YES;
				CLANG_WARN_DEPRECATED_OBJC_IMPLEMENTATIONS = YES;
				CLANG_WARN_DIRECT_OBJC_ISA_USAGE = YES_ERROR;
				CLANG_WARN_DOCUMENTATION_COMMENTS = YES;
				CLANG_WARN_EMPTY_BODY = YES;
				CLANG_WARN_ENUM_CONVERSION = YES;
				CLANG_WARN_INFINITE_RECURSION = YES;
				CLANG_WARN_INT_CONVERSION = YES;
				CLANG_WARN_NON_LITERAL_NULL_CONVERSION = YES;
				CLANG_WARN_OBJC_IMPLICIT_RETAIN_SELF = YES;
				CLANG_WARN_OBJC_LITERAL_CONVERSION = YES;
				CLANG_WARN_OBJC_ROOT_CLASS = YES_ERROR;
				CLANG_WARN_QUOTED_INCLUDE_IN_FRAMEWORK_HEADER = YES;
				CLANG_WARN_RANGE_LOOP_ANALYSIS = YES;
				CLANG_WARN_STRICT_PROTOTYPES = YES;
				CLANG_WARN_SUSPICIOUS_MOVE = YES;
				CLANG_WARN_UNGUARDED_AVAILABILITY = YES_AGGRESSIVE;
				CLANG_WARN_UNREACHABLE_CODE = YES;
				CLANG_WARN__DUPLICATE_METHOD_MATCH = YES;
				COPY_PHASE_STRIP = NO;
				DEBUG_INFORMATION_FORMAT = "dwarf-with-dsym";
				ENABLE_NS_ASSERTIONS = NO;
				ENABLE_STRICT_OBJC_MSGSEND = YES;
				GCC_C_LANGUAGE_STANDARD = gnu11;
				GCC_NO_COMMON_BLOCKS = YES;
				GCC_WARN_64_TO_32_BIT_CONVERSION = YES;
				GCC_WARN_ABOUT_RETURN_TYPE = YES_ERROR;
				GCC_WARN_UNDECLARED_SELECTOR = YES;
				GCC_WARN_UNINITIALIZED_AUTOS = YES_AGGRESSIVE;
				GCC_WARN_UNUSED_FUNCTION = YES;
				GCC_WARN_UNUSED_VARIABLE = YES;
				IPHONEOS_DEPLOYMENT_TARGET = 15.0;
				MTL_ENABLE_DEBUG_INFO = NO;
				MTL_FAST_MATH = YES;
				SDKROOT = iphoneos;
				SWIFT_COMPILATION_MODE = wholemodule;
				SWIFT_OPTIMIZATION_LEVEL = "-O";
				VALIDATE_PRODUCT = YES;
			};
			name = Release;
		};
		7C5D7E662C592B3400D60725 /* Debug */ = {
			isa = XCBuildConfiguration;
			baseConfigurationReference = 8F1D8EAD26E64F381BD4DD5A /* Pods-GraduationProject.debug.xcconfig */;
			buildSettings = {
				ASSETCATALOG_COMPILER_APPICON_NAME = AppIcon;
				ASSETCATALOG_COMPILER_GLOBAL_ACCENT_COLOR_NAME = AccentColor;
				CODE_SIGN_STYLE = Automatic;
				CURRENT_PROJECT_VERSION = 1;
				GENERATE_INFOPLIST_FILE = YES;
				INFOPLIST_FILE = GraduationProject/Resources/Info.plist;
				INFOPLIST_KEY_UIApplicationSupportsIndirectInputEvents = YES;
				INFOPLIST_KEY_UILaunchStoryboardName = LaunchScreen;
				INFOPLIST_KEY_UISupportedInterfaceOrientations_iPad = "UIInterfaceOrientationPortrait UIInterfaceOrientationPortraitUpsideDown UIInterfaceOrientationLandscapeLeft UIInterfaceOrientationLandscapeRight";
				INFOPLIST_KEY_UISupportedInterfaceOrientations_iPhone = "UIInterfaceOrientationPortrait UIInterfaceOrientationLandscapeLeft UIInterfaceOrientationLandscapeRight";
				LD_RUNPATH_SEARCH_PATHS = (
					"$(inherited)",
					"@executable_path/Frameworks",
				);
				MARKETING_VERSION = 1.0;
				PRODUCT_BUNDLE_IDENTIFIER = com.test.GraduationProject;
				PRODUCT_NAME = "$(TARGET_NAME)";
				SWIFT_EMIT_LOC_STRINGS = YES;
				SWIFT_VERSION = 5.0;
				TARGETED_DEVICE_FAMILY = "1,2";
			};
			name = Debug;
		};
		7C5D7E672C592B3400D60725 /* Release */ = {
			isa = XCBuildConfiguration;
			baseConfigurationReference = 2EF063EC907CEBAFA6D7EC25 /* Pods-GraduationProject.release.xcconfig */;
			buildSettings = {
				ASSETCATALOG_COMPILER_APPICON_NAME = AppIcon;
				ASSETCATALOG_COMPILER_GLOBAL_ACCENT_COLOR_NAME = AccentColor;
				CODE_SIGN_STYLE = Automatic;
				CURRENT_PROJECT_VERSION = 1;
				GENERATE_INFOPLIST_FILE = YES;
				INFOPLIST_FILE = GraduationProject/Resources/Info.plist;
				INFOPLIST_KEY_UIApplicationSupportsIndirectInputEvents = YES;
				INFOPLIST_KEY_UILaunchStoryboardName = LaunchScreen;
				INFOPLIST_KEY_UISupportedInterfaceOrientations_iPad = "UIInterfaceOrientationPortrait UIInterfaceOrientationPortraitUpsideDown UIInterfaceOrientationLandscapeLeft UIInterfaceOrientationLandscapeRight";
				INFOPLIST_KEY_UISupportedInterfaceOrientations_iPhone = "UIInterfaceOrientationPortrait UIInterfaceOrientationLandscapeLeft UIInterfaceOrientationLandscapeRight";
				LD_RUNPATH_SEARCH_PATHS = (
					"$(inherited)",
					"@executable_path/Frameworks",
				);
				MARKETING_VERSION = 1.0;
				PRODUCT_BUNDLE_IDENTIFIER = com.test.GraduationProject;
				PRODUCT_NAME = "$(TARGET_NAME)";
				SWIFT_EMIT_LOC_STRINGS = YES;
				SWIFT_VERSION = 5.0;
				TARGETED_DEVICE_FAMILY = "1,2";
			};
			name = Release;
		};
/* End XCBuildConfiguration section */

/* Begin XCConfigurationList section */
		7C5D7E4C2C592B3200D60725 /* Build configuration list for PBXProject "GraduationProject" */ = {
			isa = XCConfigurationList;
			buildConfigurations = (
				7C5D7E632C592B3400D60725 /* Debug */,
				7C5D7E642C592B3400D60725 /* Release */,
			);
			defaultConfigurationIsVisible = 0;
			defaultConfigurationName = Release;
		};
		7C5D7E652C592B3400D60725 /* Build configuration list for PBXNativeTarget "GraduationProject" */ = {
			isa = XCConfigurationList;
			buildConfigurations = (
				7C5D7E662C592B3400D60725 /* Debug */,
				7C5D7E672C592B3400D60725 /* Release */,
			);
			defaultConfigurationIsVisible = 0;
			defaultConfigurationName = Release;
		};
/* End XCConfigurationList section */
	};
	rootObject = 7C5D7E492C592B3200D60725 /* Project object */;
}
